// !$*UTF8*$!
{
	archiveVersion = 1;
	classes = {
	};
	objectVersion = 56;
	objects = {

/* Begin PBXBuildFile section */
		8D1F59BB2C20EAF8002A037F /* IndicatorValueSlider.swift in Sources */ = {isa = PBXBuildFile; fileRef = 8D1F59BA2C20EAF8002A037F /* IndicatorValueSlider.swift */; };
		8D35E3362C236C7C00E8E2A9 /* BluetoothPeripheral.swift in Sources */ = {isa = PBXBuildFile; fileRef = 8D35E3352C236C7C00E8E2A9 /* BluetoothPeripheral.swift */; };
		8D35E3382C23828A00E8E2A9 /* BluetoothPeripheralsView.swift in Sources */ = {isa = PBXBuildFile; fileRef = 8D35E3372C23828A00E8E2A9 /* BluetoothPeripheralsView.swift */; };
		8D58DC162C052197001EBD95 /* PrinterAppD110.swift in Sources */ = {isa = PBXBuildFile; fileRef = 8D58DC152C052197001EBD95 /* PrinterAppD110.swift */; };
		8D58DC1A2C052198001EBD95 /* Assets.xcassets in Resources */ = {isa = PBXBuildFile; fileRef = 8D58DC192C052198001EBD95 /* Assets.xcassets */; };
		8D58DC252C052317001EBD95 /* Packet.swift in Sources */ = {isa = PBXBuildFile; fileRef = 8D58DC242C052317001EBD95 /* Packet.swift */; };
		8D58DC2D2C05D460001EBD95 /* PacketTests.swift in Sources */ = {isa = PBXBuildFile; fileRef = 8D58DC2C2C05D460001EBD95 /* PacketTests.swift */; };
		8D58DC342C064583001EBD95 /* PrinterDevice.swift in Sources */ = {isa = PBXBuildFile; fileRef = 8D58DC332C064583001EBD95 /* PrinterDevice.swift */; };
		8D76C5132C078BF1005D7EEB /* ArrayExtension.swift in Sources */ = {isa = PBXBuildFile; fileRef = 8D76C5122C078BF1005D7EEB /* ArrayExtension.swift */; };
		8D76C5332C08D9D1005D7EEB /* FileSystemIO.swift in Sources */ = {isa = PBXBuildFile; fileRef = 8D76C5322C08D9D1005D7EEB /* FileSystemIO.swift */; };
		8D76C5352C08DA08005D7EEB /* IOProtocol.swift in Sources */ = {isa = PBXBuildFile; fileRef = 8D76C5342C08DA08005D7EEB /* IOProtocol.swift */; };
		8D76C5372C08DA38005D7EEB /* IOError.swift in Sources */ = {isa = PBXBuildFile; fileRef = 8D76C5362C08DA38005D7EEB /* IOError.swift */; };
		8D76C53B2C090B96005D7EEB /* PosixFileSystemAccess.swift in Sources */ = {isa = PBXBuildFile; fileRef = 8D76C53A2C090B96005D7EEB /* PosixFileSystemAccess.swift */; };
		8D76C53D2C091062005D7EEB /* FileSystemAccessProtocol.swift in Sources */ = {isa = PBXBuildFile; fileRef = 8D76C53C2C091062005D7EEB /* FileSystemAccessProtocol.swift */; };
		8D76C53F2C091162005D7EEB /* StubbedFileSystem.swift in Sources */ = {isa = PBXBuildFile; fileRef = 8D76C53E2C091162005D7EEB /* StubbedFileSystem.swift */; };
		8D76C5412C0912C4005D7EEB /* FileSystemIOTests.swift in Sources */ = {isa = PBXBuildFile; fileRef = 8D76C5402C0912C4005D7EEB /* FileSystemIOTests.swift */; };
		8D76C5602C0A11BB005D7EEB /* ArrayExtension.swift in Sources */ = {isa = PBXBuildFile; fileRef = 8D76C5122C078BF1005D7EEB /* ArrayExtension.swift */; };
		8D76C5622C0A21AD005D7EEB /* UplinkProcessor.swift in Sources */ = {isa = PBXBuildFile; fileRef = 8D76C5612C0A21AD005D7EEB /* UplinkProcessor.swift */; };
		8D84EF9A2C20F6090070BA8A /* FontSelectionView.swift in Sources */ = {isa = PBXBuildFile; fileRef = 8D84EF992C20F6090070BA8A /* FontSelectionView.swift */; };
		8D84EF9C2C20FA0D0070BA8A /* PrinterDetailsView.swift in Sources */ = {isa = PBXBuildFile; fileRef = 8D84EF9B2C20FA0D0070BA8A /* PrinterDetailsView.swift */; };
		8D8AF3CD2C2756CD005E2F94 /* LevelIndicator.swift in Sources */ = {isa = PBXBuildFile; fileRef = 8D8AF3CC2C2756CD005E2F94 /* LevelIndicator.swift */; };
		8D8AF3D02C2826FD005E2F94 /* PrinterDetails.swift in Sources */ = {isa = PBXBuildFile; fileRef = 8D8AF3CF2C2826FD005E2F94 /* PrinterDetails.swift */; };
		8D8AF3D22C28271B005E2F94 /* PaperDetails.swift in Sources */ = {isa = PBXBuildFile; fileRef = 8D8AF3D12C28271B005E2F94 /* PaperDetails.swift */; };
		8D8AF3D42C288EA1005E2F94 /* FontDetails.swift in Sources */ = {isa = PBXBuildFile; fileRef = 8D8AF3D32C288EA0005E2F94 /* FontDetails.swift */; };
		8D8AF3D82C28AE8A005E2F94 /* ImagePreview.swift in Sources */ = {isa = PBXBuildFile; fileRef = 8D8AF3D72C28AE8A005E2F94 /* ImagePreview.swift */; };
		8D92FBDF2C2CBE460040747C /* PrintStatusPacketDecoder.swift in Sources */ = {isa = PBXBuildFile; fileRef = 8D92FBDE2C2CBE460040747C /* PrintStatusPacketDecoder.swift */; };
		8D92FBE12C2E075B0040747C /* SendAndWaitAsync.swift in Sources */ = {isa = PBXBuildFile; fileRef = 8D92FBE02C2E075B0040747C /* SendAndWaitAsync.swift */; };
		8D96391F2C0A8E8B00374894 /* DataExtension.swift in Sources */ = {isa = PBXBuildFile; fileRef = 8D96391E2C0A8E8B00374894 /* DataExtension.swift */; };
		8D96393F2C0B5E0600374894 /* Notifications.swift in Sources */ = {isa = PBXBuildFile; fileRef = 8D96393E2C0B5E0600374894 /* Notifications.swift */; };
		8D9639412C0B616D00374894 /* Notifier.swift in Sources */ = {isa = PBXBuildFile; fileRef = 8D9639402C0B616D00374894 /* Notifier.swift */; };
		8D9639432C0B927F00374894 /* NotificationObservable.swift in Sources */ = {isa = PBXBuildFile; fileRef = 8D9639422C0B927F00374894 /* NotificationObservable.swift */; };
		8D9639452C0B984F00374894 /* NotificationObservableExtension.swift in Sources */ = {isa = PBXBuildFile; fileRef = 8D9639442C0B984F00374894 /* NotificationObservableExtension.swift */; };
		8D9639472C0B9C8B00374894 /* NotifierExtension.swift in Sources */ = {isa = PBXBuildFile; fileRef = 8D9639462C0B9C8B00374894 /* NotifierExtension.swift */; };
		8D9639492C0B9EC600374894 /* Printer.swift in Sources */ = {isa = PBXBuildFile; fileRef = 8D9639482C0B9EC600374894 /* Printer.swift */; };
		8D96394B2C0BA60800374894 /* PacketDecoder.swift in Sources */ = {isa = PBXBuildFile; fileRef = 8D96394A2C0BA60800374894 /* PacketDecoder.swift */; };
		8DA917C32C21E1A1004B90AC /* PrinterLabelDetailView.swift in Sources */ = {isa = PBXBuildFile; fileRef = 8DA917C22C21E1A1004B90AC /* PrinterLabelDetailView.swift */; };
		8DC767142C2E0F0B00237C26 /* PrintingProgress.swift in Sources */ = {isa = PBXBuildFile; fileRef = 8DC767132C2E0F0B00237C26 /* PrintingProgress.swift */; };
		8DDC3CE82C1645B600296C72 /* CGImageExtension.swift in Sources */ = {isa = PBXBuildFile; fileRef = 8DDC3CE72C1645B600296C72 /* CGImageExtension.swift */; };
		8DDC3CEA2C179A4A00296C72 /* FixedWidthIntegerExtension.swift in Sources */ = {isa = PBXBuildFile; fileRef = 8DDC3CE92C179A4A00296C72 /* FixedWidthIntegerExtension.swift */; };
		8DDC3D0C2C19C68000296C72 /* SerialNumberPacketDecoder.swift in Sources */ = {isa = PBXBuildFile; fileRef = 8DDC3D0B2C19C68000296C72 /* SerialNumberPacketDecoder.swift */; };
		8DDC3D0E2C19C69900296C72 /* DensityPacketDecoder.swift in Sources */ = {isa = PBXBuildFile; fileRef = 8DDC3D0D2C19C69900296C72 /* DensityPacketDecoder.swift */; };
		8DDC3D102C19C6BB00296C72 /* LabelTypePacketDecoder.swift in Sources */ = {isa = PBXBuildFile; fileRef = 8DDC3D0F2C19C6BB00296C72 /* LabelTypePacketDecoder.swift */; };
		8DDC3D122C19C6D800296C72 /* AutoShutdownTimePacketDecoder.swift in Sources */ = {isa = PBXBuildFile; fileRef = 8DDC3D112C19C6D800296C72 /* AutoShutdownTimePacketDecoder.swift */; };
		8DDC3D142C19C6F400296C72 /* SoftwareVersionPacketDecoder.swift in Sources */ = {isa = PBXBuildFile; fileRef = 8DDC3D132C19C6F400296C72 /* SoftwareVersionPacketDecoder.swift */; };
		8DDC3D162C19C71000296C72 /* HardwareVersionPacketDecoder.swift in Sources */ = {isa = PBXBuildFile; fileRef = 8DDC3D152C19C71000296C72 /* HardwareVersionPacketDecoder.swift */; };
		8DDC3D182C19C72A00296C72 /* BatteryInformationPacketDecoder.swift in Sources */ = {isa = PBXBuildFile; fileRef = 8DDC3D172C19C72A00296C72 /* BatteryInformationPacketDecoder.swift */; };
		8DDC3D1A2C19C74800296C72 /* DeviceTypePacketDecoder.swift in Sources */ = {isa = PBXBuildFile; fileRef = 8DDC3D192C19C74800296C72 /* DeviceTypePacketDecoder.swift */; };
		8DDC3D1C2C19C77200296C72 /* BoolBytePacketDecoder.swift in Sources */ = {isa = PBXBuildFile; fileRef = 8DDC3D1B2C19C77200296C72 /* BoolBytePacketDecoder.swift */; };
		8DDC3D1E2C19C79000296C72 /* RFIDDataPacketDecoder.swift in Sources */ = {isa = PBXBuildFile; fileRef = 8DDC3D1D2C19C79000296C72 /* RFIDDataPacketDecoder.swift */; };
		8DDC3D422C1A290800296C72 /* ContentView.swift in Sources */ = {isa = PBXBuildFile; fileRef = 8DDC3D412C1A290700296C72 /* ContentView.swift */; };
		8DDC3D442C1A45A900296C72 /* PrinterView.swift in Sources */ = {isa = PBXBuildFile; fileRef = 8DDC3D432C1A45A900296C72 /* PrinterView.swift */; };
		8DDC3D462C1A552800296C72 /* HistoryView.swift in Sources */ = {isa = PBXBuildFile; fileRef = 8DDC3D452C1A552800296C72 /* HistoryView.swift */; };
		8DEB85E82C0CC6E00028526B /* BluetoothIO.swift in Sources */ = {isa = PBXBuildFile; fileRef = 8DEB85E72C0CC6E00028526B /* BluetoothIO.swift */; };
		8DEB85EA2C0E0A970028526B /* BluetoothSupport.swift in Sources */ = {isa = PBXBuildFile; fileRef = 8DEB85E92C0E0A970028526B /* BluetoothSupport.swift */; };
		8DEB85EC2C0E112C0028526B /* BluetoothAccessProtocol.swift in Sources */ = {isa = PBXBuildFile; fileRef = 8DEB85EB2C0E112C0028526B /* BluetoothAccessProtocol.swift */; };
		8DEB85EE2C0E5E610028526B /* DataConsumerProtocol.swift in Sources */ = {isa = PBXBuildFile; fileRef = 8DEB85ED2C0E5E610028526B /* DataConsumerProtocol.swift */; };
		8DEB860E2C1250BF0028526B /* ImageGenerator.swift in Sources */ = {isa = PBXBuildFile; fileRef = 8DEB860D2C1250BF0028526B /* ImageGenerator.swift */; };
		8DED511D2C2FE14500B52F1E /* AlignmentView.swift in Sources */ = {isa = PBXBuildFile; fileRef = 8DED511C2C2FE14500B52F1E /* AlignmentView.swift */; };
		8DED511F2C3080F700B52F1E /* SegmentedPickerView.swift in Sources */ = {isa = PBXBuildFile; fileRef = 8DED511E2C3080F700B52F1E /* SegmentedPickerView.swift */; };
		8DED51212C318E3100B52F1E /* HorizontalTextAlignment.swift in Sources */ = {isa = PBXBuildFile; fileRef = 8DED51202C318E3100B52F1E /* HorizontalTextAlignment.swift */; };
		8DED51232C31927200B52F1E /* VerticalTextAlignment.swift in Sources */ = {isa = PBXBuildFile; fileRef = 8DED51222C31927200B52F1E /* VerticalTextAlignment.swift */; };
		8DF9FE4F2C36A057004DAED2 /* PaperType.swift in Sources */ = {isa = PBXBuildFile; fileRef = 8DF9FE4E2C36A057004DAED2 /* PaperType.swift */; };
		8DF9FE512C36DD5D004DAED2 /* Margin.swift in Sources */ = {isa = PBXBuildFile; fileRef = 8DF9FE502C36DD5D004DAED2 /* Margin.swift */; };
		8DF9FE532C36DF97004DAED2 /* ObservablePaperType.swift in Sources */ = {isa = PBXBuildFile; fileRef = 8DF9FE522C36DF97004DAED2 /* ObservablePaperType.swift */; };
		8DF9FE552C36E7F8004DAED2 /* Preview.swift in Sources */ = {isa = PBXBuildFile; fileRef = 8DF9FE542C36E7F8004DAED2 /* Preview.swift */; };
		8DF9FE572C37FA8E004DAED2 /* PrinterAvailability.swift in Sources */ = {isa = PBXBuildFile; fileRef = 8DF9FE562C37FA8E004DAED2 /* PrinterAvailability.swift */; };
		8DF9FE592C38A669004DAED2 /* TextTabView.swift in Sources */ = {isa = PBXBuildFile; fileRef = 8DF9FE582C38A669004DAED2 /* TextTabView.swift */; };
		8DF9FE5B2C393E2D004DAED2 /* TextConstructionView.swift in Sources */ = {isa = PBXBuildFile; fileRef = 8DF9FE5A2C393E2D004DAED2 /* TextConstructionView.swift */; };
		8DF9FE5D2C394D8C004DAED2 /* TextProperties.swift in Sources */ = {isa = PBXBuildFile; fileRef = 8DF9FE5C2C394D8C004DAED2 /* TextProperties.swift */; };
/* End PBXBuildFile section */

/* Begin PBXContainerItemProxy section */
		8D58DC2E2C05D460001EBD95 /* PBXContainerItemProxy */ = {
			isa = PBXContainerItemProxy;
			containerPortal = 8D58DC0A2C052197001EBD95 /* Project object */;
			proxyType = 1;
			remoteGlobalIDString = 8D58DC112C052197001EBD95;
			remoteInfo = "Niimbot Printer";
		};
/* End PBXContainerItemProxy section */

/* Begin PBXFileReference section */
		8D1F59BA2C20EAF8002A037F /* IndicatorValueSlider.swift */ = {isa = PBXFileReference; lastKnownFileType = sourcecode.swift; path = IndicatorValueSlider.swift; sourceTree = "<group>"; };
		8D35E3352C236C7C00E8E2A9 /* BluetoothPeripheral.swift */ = {isa = PBXFileReference; lastKnownFileType = sourcecode.swift; path = BluetoothPeripheral.swift; sourceTree = "<group>"; };
		8D35E3372C23828A00E8E2A9 /* BluetoothPeripheralsView.swift */ = {isa = PBXFileReference; lastKnownFileType = sourcecode.swift; path = BluetoothPeripheralsView.swift; sourceTree = "<group>"; };
		8D58DC122C052197001EBD95 /* Niimbot Printer.app */ = {isa = PBXFileReference; explicitFileType = wrapper.application; includeInIndex = 0; path = "Niimbot Printer.app"; sourceTree = BUILT_PRODUCTS_DIR; };
		8D58DC152C052197001EBD95 /* PrinterAppD110.swift */ = {isa = PBXFileReference; lastKnownFileType = sourcecode.swift; path = PrinterAppD110.swift; sourceTree = "<group>"; };
		8D58DC192C052198001EBD95 /* Assets.xcassets */ = {isa = PBXFileReference; lastKnownFileType = folder.assetcatalog; path = Assets.xcassets; sourceTree = "<group>"; };
		8D58DC1E2C052198001EBD95 /* Niimbot_Printer.entitlements */ = {isa = PBXFileReference; lastKnownFileType = text.plist.entitlements; path = Niimbot_Printer.entitlements; sourceTree = "<group>"; };
		8D58DC242C052317001EBD95 /* Packet.swift */ = {isa = PBXFileReference; lastKnownFileType = sourcecode.swift; path = Packet.swift; sourceTree = "<group>"; };
		8D58DC2A2C05D460001EBD95 /* Niimbot PrinterTests.xctest */ = {isa = PBXFileReference; explicitFileType = wrapper.cfbundle; includeInIndex = 0; path = "Niimbot PrinterTests.xctest"; sourceTree = BUILT_PRODUCTS_DIR; };
		8D58DC2C2C05D460001EBD95 /* PacketTests.swift */ = {isa = PBXFileReference; lastKnownFileType = sourcecode.swift; path = PacketTests.swift; sourceTree = "<group>"; };
		8D58DC332C064583001EBD95 /* PrinterDevice.swift */ = {isa = PBXFileReference; lastKnownFileType = sourcecode.swift; path = PrinterDevice.swift; sourceTree = "<group>"; };
		8D76C5122C078BF1005D7EEB /* ArrayExtension.swift */ = {isa = PBXFileReference; lastKnownFileType = sourcecode.swift; path = ArrayExtension.swift; sourceTree = "<group>"; };
		8D76C5322C08D9D1005D7EEB /* FileSystemIO.swift */ = {isa = PBXFileReference; lastKnownFileType = sourcecode.swift; path = FileSystemIO.swift; sourceTree = "<group>"; };
		8D76C5342C08DA08005D7EEB /* IOProtocol.swift */ = {isa = PBXFileReference; lastKnownFileType = sourcecode.swift; path = IOProtocol.swift; sourceTree = "<group>"; };
		8D76C5362C08DA38005D7EEB /* IOError.swift */ = {isa = PBXFileReference; lastKnownFileType = sourcecode.swift; path = IOError.swift; sourceTree = "<group>"; };
		8D76C53A2C090B96005D7EEB /* PosixFileSystemAccess.swift */ = {isa = PBXFileReference; lastKnownFileType = sourcecode.swift; path = PosixFileSystemAccess.swift; sourceTree = "<group>"; };
		8D76C53C2C091062005D7EEB /* FileSystemAccessProtocol.swift */ = {isa = PBXFileReference; lastKnownFileType = sourcecode.swift; path = FileSystemAccessProtocol.swift; sourceTree = "<group>"; };
		8D76C53E2C091162005D7EEB /* StubbedFileSystem.swift */ = {isa = PBXFileReference; lastKnownFileType = sourcecode.swift; path = StubbedFileSystem.swift; sourceTree = "<group>"; };
		8D76C5402C0912C4005D7EEB /* FileSystemIOTests.swift */ = {isa = PBXFileReference; lastKnownFileType = sourcecode.swift; path = FileSystemIOTests.swift; sourceTree = "<group>"; };
		8D76C5612C0A21AD005D7EEB /* UplinkProcessor.swift */ = {isa = PBXFileReference; lastKnownFileType = sourcecode.swift; path = UplinkProcessor.swift; sourceTree = "<group>"; };
		8D84EF992C20F6090070BA8A /* FontSelectionView.swift */ = {isa = PBXFileReference; lastKnownFileType = sourcecode.swift; path = FontSelectionView.swift; sourceTree = "<group>"; };
		8D84EF9B2C20FA0D0070BA8A /* PrinterDetailsView.swift */ = {isa = PBXFileReference; lastKnownFileType = sourcecode.swift; path = PrinterDetailsView.swift; sourceTree = "<group>"; };
		8D8AF3CC2C2756CD005E2F94 /* LevelIndicator.swift */ = {isa = PBXFileReference; lastKnownFileType = sourcecode.swift; path = LevelIndicator.swift; sourceTree = "<group>"; };
		8D8AF3CF2C2826FD005E2F94 /* PrinterDetails.swift */ = {isa = PBXFileReference; lastKnownFileType = sourcecode.swift; path = PrinterDetails.swift; sourceTree = "<group>"; };
		8D8AF3D12C28271B005E2F94 /* PaperDetails.swift */ = {isa = PBXFileReference; lastKnownFileType = sourcecode.swift; path = PaperDetails.swift; sourceTree = "<group>"; };
		8D8AF3D32C288EA0005E2F94 /* FontDetails.swift */ = {isa = PBXFileReference; lastKnownFileType = sourcecode.swift; path = FontDetails.swift; sourceTree = "<group>"; };
		8D8AF3D72C28AE8A005E2F94 /* ImagePreview.swift */ = {isa = PBXFileReference; lastKnownFileType = sourcecode.swift; path = ImagePreview.swift; sourceTree = "<group>"; };
		8D92FBDE2C2CBE460040747C /* PrintStatusPacketDecoder.swift */ = {isa = PBXFileReference; lastKnownFileType = sourcecode.swift; path = PrintStatusPacketDecoder.swift; sourceTree = "<group>"; };
		8D92FBE02C2E075B0040747C /* SendAndWaitAsync.swift */ = {isa = PBXFileReference; lastKnownFileType = sourcecode.swift; path = SendAndWaitAsync.swift; sourceTree = "<group>"; };
		8D96391E2C0A8E8B00374894 /* DataExtension.swift */ = {isa = PBXFileReference; lastKnownFileType = sourcecode.swift; path = DataExtension.swift; sourceTree = "<group>"; };
		8D96393E2C0B5E0600374894 /* Notifications.swift */ = {isa = PBXFileReference; lastKnownFileType = sourcecode.swift; path = Notifications.swift; sourceTree = "<group>"; };
		8D9639402C0B616D00374894 /* Notifier.swift */ = {isa = PBXFileReference; lastKnownFileType = sourcecode.swift; path = Notifier.swift; sourceTree = "<group>"; };
		8D9639422C0B927F00374894 /* NotificationObservable.swift */ = {isa = PBXFileReference; lastKnownFileType = sourcecode.swift; path = NotificationObservable.swift; sourceTree = "<group>"; };
		8D9639442C0B984F00374894 /* NotificationObservableExtension.swift */ = {isa = PBXFileReference; lastKnownFileType = sourcecode.swift; path = NotificationObservableExtension.swift; sourceTree = "<group>"; };
		8D9639462C0B9C8B00374894 /* NotifierExtension.swift */ = {isa = PBXFileReference; lastKnownFileType = sourcecode.swift; path = NotifierExtension.swift; sourceTree = "<group>"; };
		8D9639482C0B9EC600374894 /* Printer.swift */ = {isa = PBXFileReference; lastKnownFileType = sourcecode.swift; path = Printer.swift; sourceTree = "<group>"; };
		8D96394A2C0BA60800374894 /* PacketDecoder.swift */ = {isa = PBXFileReference; lastKnownFileType = sourcecode.swift; path = PacketDecoder.swift; sourceTree = "<group>"; };
		8DA917C22C21E1A1004B90AC /* PrinterLabelDetailView.swift */ = {isa = PBXFileReference; lastKnownFileType = sourcecode.swift; path = PrinterLabelDetailView.swift; sourceTree = "<group>"; };
		8DC767132C2E0F0B00237C26 /* PrintingProgress.swift */ = {isa = PBXFileReference; lastKnownFileType = sourcecode.swift; path = PrintingProgress.swift; sourceTree = "<group>"; };
		8DDC3CE72C1645B600296C72 /* CGImageExtension.swift */ = {isa = PBXFileReference; lastKnownFileType = sourcecode.swift; path = CGImageExtension.swift; sourceTree = "<group>"; };
		8DDC3CE92C179A4A00296C72 /* FixedWidthIntegerExtension.swift */ = {isa = PBXFileReference; lastKnownFileType = sourcecode.swift; path = FixedWidthIntegerExtension.swift; sourceTree = "<group>"; };
		8DDC3D0B2C19C68000296C72 /* SerialNumberPacketDecoder.swift */ = {isa = PBXFileReference; lastKnownFileType = sourcecode.swift; path = SerialNumberPacketDecoder.swift; sourceTree = "<group>"; };
		8DDC3D0D2C19C69900296C72 /* DensityPacketDecoder.swift */ = {isa = PBXFileReference; lastKnownFileType = sourcecode.swift; path = DensityPacketDecoder.swift; sourceTree = "<group>"; };
		8DDC3D0F2C19C6BB00296C72 /* LabelTypePacketDecoder.swift */ = {isa = PBXFileReference; lastKnownFileType = sourcecode.swift; path = LabelTypePacketDecoder.swift; sourceTree = "<group>"; };
		8DDC3D112C19C6D800296C72 /* AutoShutdownTimePacketDecoder.swift */ = {isa = PBXFileReference; lastKnownFileType = sourcecode.swift; path = AutoShutdownTimePacketDecoder.swift; sourceTree = "<group>"; };
		8DDC3D132C19C6F400296C72 /* SoftwareVersionPacketDecoder.swift */ = {isa = PBXFileReference; lastKnownFileType = sourcecode.swift; path = SoftwareVersionPacketDecoder.swift; sourceTree = "<group>"; };
		8DDC3D152C19C71000296C72 /* HardwareVersionPacketDecoder.swift */ = {isa = PBXFileReference; lastKnownFileType = sourcecode.swift; path = HardwareVersionPacketDecoder.swift; sourceTree = "<group>"; };
		8DDC3D172C19C72A00296C72 /* BatteryInformationPacketDecoder.swift */ = {isa = PBXFileReference; lastKnownFileType = sourcecode.swift; path = BatteryInformationPacketDecoder.swift; sourceTree = "<group>"; };
		8DDC3D192C19C74800296C72 /* DeviceTypePacketDecoder.swift */ = {isa = PBXFileReference; lastKnownFileType = sourcecode.swift; path = DeviceTypePacketDecoder.swift; sourceTree = "<group>"; };
		8DDC3D1B2C19C77200296C72 /* BoolBytePacketDecoder.swift */ = {isa = PBXFileReference; lastKnownFileType = sourcecode.swift; path = BoolBytePacketDecoder.swift; sourceTree = "<group>"; };
		8DDC3D1D2C19C79000296C72 /* RFIDDataPacketDecoder.swift */ = {isa = PBXFileReference; lastKnownFileType = sourcecode.swift; path = RFIDDataPacketDecoder.swift; sourceTree = "<group>"; };
		8DDC3D412C1A290700296C72 /* ContentView.swift */ = {isa = PBXFileReference; lastKnownFileType = sourcecode.swift; path = ContentView.swift; sourceTree = "<group>"; };
		8DDC3D432C1A45A900296C72 /* PrinterView.swift */ = {isa = PBXFileReference; lastKnownFileType = sourcecode.swift; path = PrinterView.swift; sourceTree = "<group>"; };
		8DDC3D452C1A552800296C72 /* HistoryView.swift */ = {isa = PBXFileReference; lastKnownFileType = sourcecode.swift; path = HistoryView.swift; sourceTree = "<group>"; };
		8DEB85E62C0CBFD40028526B /* Niimbot-Printer-Info.plist */ = {isa = PBXFileReference; lastKnownFileType = text.plist; path = "Niimbot-Printer-Info.plist"; sourceTree = SOURCE_ROOT; };
		8DEB85E72C0CC6E00028526B /* BluetoothIO.swift */ = {isa = PBXFileReference; lastKnownFileType = sourcecode.swift; path = BluetoothIO.swift; sourceTree = "<group>"; };
		8DEB85E92C0E0A970028526B /* BluetoothSupport.swift */ = {isa = PBXFileReference; lastKnownFileType = sourcecode.swift; path = BluetoothSupport.swift; sourceTree = "<group>"; };
		8DEB85EB2C0E112C0028526B /* BluetoothAccessProtocol.swift */ = {isa = PBXFileReference; lastKnownFileType = sourcecode.swift; path = BluetoothAccessProtocol.swift; sourceTree = "<group>"; };
		8DEB85ED2C0E5E610028526B /* DataConsumerProtocol.swift */ = {isa = PBXFileReference; lastKnownFileType = sourcecode.swift; path = DataConsumerProtocol.swift; sourceTree = "<group>"; };
		8DEB860D2C1250BF0028526B /* ImageGenerator.swift */ = {isa = PBXFileReference; lastKnownFileType = sourcecode.swift; path = ImageGenerator.swift; sourceTree = "<group>"; };
		8DED511C2C2FE14500B52F1E /* AlignmentView.swift */ = {isa = PBXFileReference; lastKnownFileType = sourcecode.swift; path = AlignmentView.swift; sourceTree = "<group>"; };
		8DED511E2C3080F700B52F1E /* SegmentedPickerView.swift */ = {isa = PBXFileReference; lastKnownFileType = sourcecode.swift; path = SegmentedPickerView.swift; sourceTree = "<group>"; };
		8DED51202C318E3100B52F1E /* HorizontalTextAlignment.swift */ = {isa = PBXFileReference; lastKnownFileType = sourcecode.swift; path = HorizontalTextAlignment.swift; sourceTree = "<group>"; };
		8DED51222C31927200B52F1E /* VerticalTextAlignment.swift */ = {isa = PBXFileReference; lastKnownFileType = sourcecode.swift; path = VerticalTextAlignment.swift; sourceTree = "<group>"; };
		8DF9FE4E2C36A057004DAED2 /* PaperType.swift */ = {isa = PBXFileReference; lastKnownFileType = sourcecode.swift; path = PaperType.swift; sourceTree = "<group>"; };
		8DF9FE502C36DD5D004DAED2 /* Margin.swift */ = {isa = PBXFileReference; lastKnownFileType = sourcecode.swift; path = Margin.swift; sourceTree = "<group>"; };
		8DF9FE522C36DF97004DAED2 /* ObservablePaperType.swift */ = {isa = PBXFileReference; lastKnownFileType = sourcecode.swift; path = ObservablePaperType.swift; sourceTree = "<group>"; };
		8DF9FE542C36E7F8004DAED2 /* Preview.swift */ = {isa = PBXFileReference; lastKnownFileType = sourcecode.swift; path = Preview.swift; sourceTree = "<group>"; };
		8DF9FE562C37FA8E004DAED2 /* PrinterAvailability.swift */ = {isa = PBXFileReference; lastKnownFileType = sourcecode.swift; path = PrinterAvailability.swift; sourceTree = "<group>"; };
		8DF9FE582C38A669004DAED2 /* TextTabView.swift */ = {isa = PBXFileReference; lastKnownFileType = sourcecode.swift; path = TextTabView.swift; sourceTree = "<group>"; };
		8DF9FE5A2C393E2D004DAED2 /* TextConstructionView.swift */ = {isa = PBXFileReference; lastKnownFileType = sourcecode.swift; path = TextConstructionView.swift; sourceTree = "<group>"; };
		8DF9FE5C2C394D8C004DAED2 /* TextProperties.swift */ = {isa = PBXFileReference; lastKnownFileType = sourcecode.swift; path = TextProperties.swift; sourceTree = "<group>"; };
/* End PBXFileReference section */

/* Begin PBXFrameworksBuildPhase section */
		8D58DC0F2C052197001EBD95 /* Frameworks */ = {
			isa = PBXFrameworksBuildPhase;
			buildActionMask = 2147483647;
			files = (
			);
			runOnlyForDeploymentPostprocessing = 0;
		};
		8D58DC272C05D460001EBD95 /* Frameworks */ = {
			isa = PBXFrameworksBuildPhase;
			buildActionMask = 2147483647;
			files = (
			);
			runOnlyForDeploymentPostprocessing = 0;
		};
/* End PBXFrameworksBuildPhase section */

/* Begin PBXGroup section */
		8D1EFC2C2C40311100C25DEB /* Image */ = {
			isa = PBXGroup;
			children = (
				8DEB860D2C1250BF0028526B /* ImageGenerator.swift */,
			);
			path = Image;
			sourceTree = "<group>";
		};
		8D1F59B92C20EAD7002A037F /* Components */ = {
			isa = PBXGroup;
			children = (
				8D1F59BA2C20EAF8002A037F /* IndicatorValueSlider.swift */,
				8D8AF3CC2C2756CD005E2F94 /* LevelIndicator.swift */,
				8DF9FE542C36E7F8004DAED2 /* Preview.swift */,
				8DED511E2C3080F700B52F1E /* SegmentedPickerView.swift */,
				8DF9FE582C38A669004DAED2 /* TextTabView.swift */,
			);
			name = Components;
			sourceTree = "<group>";
		};
		8D58DC092C052197001EBD95 = {
			isa = PBXGroup;
			children = (
				8D58DC142C052197001EBD95 /* Niimbot Printer */,
				8D58DC2B2C05D460001EBD95 /* Niimbot PrinterTests */,
				8D58DC132C052197001EBD95 /* Products */,
			);
			sourceTree = "<group>";
		};
		8D58DC132C052197001EBD95 /* Products */ = {
			isa = PBXGroup;
			children = (
				8D58DC122C052197001EBD95 /* Niimbot Printer.app */,
				8D58DC2A2C05D460001EBD95 /* Niimbot PrinterTests.xctest */,
			);
			name = Products;
			sourceTree = "<group>";
		};
		8D58DC142C052197001EBD95 /* Niimbot Printer */ = {
			isa = PBXGroup;
			children = (
				8D58DC192C052198001EBD95 /* Assets.xcassets */,
				8DDC3D212C19ECBE00296C72 /* Communication */,
				8DDC3D1F2C19EBB800296C72 /* Extensions */,
				8D1EFC2C2C40311100C25DEB /* Image */,
				8D8AF3CE2C2826E2005E2F94 /* Model */,
				8D58DC1E2C052198001EBD95 /* Niimbot_Printer.entitlements */,
				8DEB85E62C0CBFD40028526B /* Niimbot-Printer-Info.plist */,
				8DDC3D202C19EC8E00296C72 /* Notifications */,
				8DDC3D092C19C62D00296C72 /* Packet */,
				8DDC3D222C19EDFC00296C72 /* Printer */,
				8DDC3D232C19EE6100296C72 /* UI */,
				8D58DC152C052197001EBD95 /* PrinterAppD110.swift */,
			);
			path = "Niimbot Printer";
			sourceTree = "<group>";
		};
		8D58DC2B2C05D460001EBD95 /* Niimbot PrinterTests */ = {
			isa = PBXGroup;
			children = (
				8D76C5402C0912C4005D7EEB /* FileSystemIOTests.swift */,
				8D58DC2C2C05D460001EBD95 /* PacketTests.swift */,
				8D76C53E2C091162005D7EEB /* StubbedFileSystem.swift */,
			);
			path = "Niimbot PrinterTests";
			sourceTree = "<group>";
		};
		8D8AF3CE2C2826E2005E2F94 /* Model */ = {
			isa = PBXGroup;
			children = (
				8D35E3352C236C7C00E8E2A9 /* BluetoothPeripheral.swift */,
				8D8AF3D32C288EA0005E2F94 /* FontDetails.swift */,
				8DED51202C318E3100B52F1E /* HorizontalTextAlignment.swift */,
				8D8AF3D72C28AE8A005E2F94 /* ImagePreview.swift */,
				8DF9FE502C36DD5D004DAED2 /* Margin.swift */,
				8DF9FE522C36DF97004DAED2 /* ObservablePaperType.swift */,
				8D8AF3D12C28271B005E2F94 /* PaperDetails.swift */,
				8DF9FE4E2C36A057004DAED2 /* PaperType.swift */,
				8DF9FE562C37FA8E004DAED2 /* PrinterAvailability.swift */,
				8D8AF3CF2C2826FD005E2F94 /* PrinterDetails.swift */,
				8DF9FE5C2C394D8C004DAED2 /* TextProperties.swift */,
				8DED51222C31927200B52F1E /* VerticalTextAlignment.swift */,
			);
			path = Model;
			sourceTree = "<group>";
		};
		8DDC3D092C19C62D00296C72 /* Packet */ = {
			isa = PBXGroup;
			children = (
				8DDC3D0A2C19C65400296C72 /* Decoders */,
				8D58DC242C052317001EBD95 /* Packet.swift */,
			);
			path = Packet;
			sourceTree = "<group>";
		};
		8DDC3D0A2C19C65400296C72 /* Decoders */ = {
			isa = PBXGroup;
			children = (
				8DDC3D112C19C6D800296C72 /* AutoShutdownTimePacketDecoder.swift */,
				8DDC3D172C19C72A00296C72 /* BatteryInformationPacketDecoder.swift */,
				8DDC3D1B2C19C77200296C72 /* BoolBytePacketDecoder.swift */,
				8DDC3D0D2C19C69900296C72 /* DensityPacketDecoder.swift */,
				8DDC3D192C19C74800296C72 /* DeviceTypePacketDecoder.swift */,
				8DDC3D152C19C71000296C72 /* HardwareVersionPacketDecoder.swift */,
				8DDC3D0F2C19C6BB00296C72 /* LabelTypePacketDecoder.swift */,
				8D96394A2C0BA60800374894 /* PacketDecoder.swift */,
				8D92FBDE2C2CBE460040747C /* PrintStatusPacketDecoder.swift */,
				8DDC3D1D2C19C79000296C72 /* RFIDDataPacketDecoder.swift */,
				8DDC3D0B2C19C68000296C72 /* SerialNumberPacketDecoder.swift */,
				8DDC3D132C19C6F400296C72 /* SoftwareVersionPacketDecoder.swift */,
			);
			name = Decoders;
			sourceTree = "<group>";
		};
		8DDC3D1F2C19EBB800296C72 /* Extensions */ = {
			isa = PBXGroup;
			children = (
				8D76C5122C078BF1005D7EEB /* ArrayExtension.swift */,
				8DDC3CE72C1645B600296C72 /* CGImageExtension.swift */,
				8D96391E2C0A8E8B00374894 /* DataExtension.swift */,
				8DDC3CE92C179A4A00296C72 /* FixedWidthIntegerExtension.swift */,
				8D9639442C0B984F00374894 /* NotificationObservableExtension.swift */,
			);
			path = Extensions;
			sourceTree = "<group>";
		};
		8DDC3D202C19EC8E00296C72 /* Notifications */ = {
			isa = PBXGroup;
			children = (
				8D96393E2C0B5E0600374894 /* Notifications.swift */,
				8D9639402C0B616D00374894 /* Notifier.swift */,
				8D9639462C0B9C8B00374894 /* NotifierExtension.swift */,
				8D9639422C0B927F00374894 /* NotificationObservable.swift */,
			);
			path = Notifications;
			sourceTree = "<group>";
		};
		8DDC3D212C19ECBE00296C72 /* Communication */ = {
			isa = PBXGroup;
			children = (
				8DEB85EB2C0E112C0028526B /* BluetoothAccessProtocol.swift */,
				8DEB85E72C0CC6E00028526B /* BluetoothIO.swift */,
				8DEB85E92C0E0A970028526B /* BluetoothSupport.swift */,
				8DEB85ED2C0E5E610028526B /* DataConsumerProtocol.swift */,
				8D76C53C2C091062005D7EEB /* FileSystemAccessProtocol.swift */,
				8D76C5322C08D9D1005D7EEB /* FileSystemIO.swift */,
				8D76C5362C08DA38005D7EEB /* IOError.swift */,
				8D76C5342C08DA08005D7EEB /* IOProtocol.swift */,
				8D76C53A2C090B96005D7EEB /* PosixFileSystemAccess.swift */,
				8D92FBE02C2E075B0040747C /* SendAndWaitAsync.swift */,
			);
			path = Communication;
			sourceTree = "<group>";
		};
		8DDC3D222C19EDFC00296C72 /* Printer */ = {
			isa = PBXGroup;
			children = (
				8D9639482C0B9EC600374894 /* Printer.swift */,
				8D58DC332C064583001EBD95 /* PrinterDevice.swift */,
				8D76C5612C0A21AD005D7EEB /* UplinkProcessor.swift */,
			);
			path = Printer;
			sourceTree = "<group>";
		};
		8DDC3D232C19EE6100296C72 /* UI */ = {
			isa = PBXGroup;
			children = (
				8D1F59B92C20EAD7002A037F /* Components */,
				8DED511C2C2FE14500B52F1E /* AlignmentView.swift */,
				8D35E3372C23828A00E8E2A9 /* BluetoothPeripheralsView.swift */,
				8DDC3D412C1A290700296C72 /* ContentView.swift */,
				8D84EF992C20F6090070BA8A /* FontSelectionView.swift */,
				8DDC3D452C1A552800296C72 /* HistoryView.swift */,
				8D84EF9B2C20FA0D0070BA8A /* PrinterDetailsView.swift */,
				8DA917C22C21E1A1004B90AC /* PrinterLabelDetailView.swift */,
				8DDC3D432C1A45A900296C72 /* PrinterView.swift */,
				8DC767132C2E0F0B00237C26 /* PrintingProgress.swift */,
				8DF9FE5A2C393E2D004DAED2 /* TextConstructionView.swift */,
			);
			path = UI;
			sourceTree = "<group>";
		};
/* End PBXGroup section */

/* Begin PBXNativeTarget section */
		8D58DC112C052197001EBD95 /* Niimbot Printer */ = {
			isa = PBXNativeTarget;
			buildConfigurationList = 8D58DC212C052198001EBD95 /* Build configuration list for PBXNativeTarget "Niimbot Printer" */;
			buildPhases = (
				8D58DC0E2C052197001EBD95 /* Sources */,
				8D58DC0F2C052197001EBD95 /* Frameworks */,
				8D58DC102C052197001EBD95 /* Resources */,
			);
			buildRules = (
			);
			dependencies = (
			);
			name = "Niimbot Printer";
			productName = "Niimbot Printer";
			productReference = 8D58DC122C052197001EBD95 /* Niimbot Printer.app */;
			productType = "com.apple.product-type.application";
		};
		8D58DC292C05D460001EBD95 /* Niimbot PrinterTests */ = {
			isa = PBXNativeTarget;
			buildConfigurationList = 8D58DC302C05D460001EBD95 /* Build configuration list for PBXNativeTarget "Niimbot PrinterTests" */;
			buildPhases = (
				8D58DC262C05D460001EBD95 /* Sources */,
				8D58DC272C05D460001EBD95 /* Frameworks */,
				8D58DC282C05D460001EBD95 /* Resources */,
			);
			buildRules = (
			);
			dependencies = (
				8D58DC2F2C05D460001EBD95 /* PBXTargetDependency */,
			);
			name = "Niimbot PrinterTests";
			productName = "Niimbot PrinterTests";
			productReference = 8D58DC2A2C05D460001EBD95 /* Niimbot PrinterTests.xctest */;
			productType = "com.apple.product-type.bundle.unit-test";
		};
/* End PBXNativeTarget section */

/* Begin PBXProject section */
		8D58DC0A2C052197001EBD95 /* Project object */ = {
			isa = PBXProject;
			attributes = {
				BuildIndependentTargetsInParallel = 1;
				LastSwiftUpdateCheck = 1540;
				LastUpgradeCheck = 1540;
				TargetAttributes = {
					8D58DC112C052197001EBD95 = {
						CreatedOnToolsVersion = 15.4;
					};
					8D58DC292C05D460001EBD95 = {
						CreatedOnToolsVersion = 15.4;
						TestTargetID = 8D58DC112C052197001EBD95;
					};
				};
			};
			buildConfigurationList = 8D58DC0D2C052197001EBD95 /* Build configuration list for PBXProject "Niimbot Printer" */;
			compatibilityVersion = "Xcode 14.0";
			developmentRegion = en;
			hasScannedForEncodings = 0;
			knownRegions = (
				en,
				Base,
			);
			mainGroup = 8D58DC092C052197001EBD95;
			productRefGroup = 8D58DC132C052197001EBD95 /* Products */;
			projectDirPath = "";
			projectRoot = "";
			targets = (
				8D58DC112C052197001EBD95 /* Niimbot Printer */,
				8D58DC292C05D460001EBD95 /* Niimbot PrinterTests */,
			);
		};
/* End PBXProject section */

/* Begin PBXResourcesBuildPhase section */
		8D58DC102C052197001EBD95 /* Resources */ = {
			isa = PBXResourcesBuildPhase;
			buildActionMask = 2147483647;
			files = (
				8D58DC1A2C052198001EBD95 /* Assets.xcassets in Resources */,
			);
			runOnlyForDeploymentPostprocessing = 0;
		};
		8D58DC282C05D460001EBD95 /* Resources */ = {
			isa = PBXResourcesBuildPhase;
			buildActionMask = 2147483647;
			files = (
			);
			runOnlyForDeploymentPostprocessing = 0;
		};
/* End PBXResourcesBuildPhase section */

/* Begin PBXSourcesBuildPhase section */
		8D58DC0E2C052197001EBD95 /* Sources */ = {
			isa = PBXSourcesBuildPhase;
			buildActionMask = 2147483647;
			files = (
				8DF9FE5B2C393E2D004DAED2 /* TextConstructionView.swift in Sources */,
				8DDC3D122C19C6D800296C72 /* AutoShutdownTimePacketDecoder.swift in Sources */,
				8DDC3D0C2C19C68000296C72 /* SerialNumberPacketDecoder.swift in Sources */,
				8DC767142C2E0F0B00237C26 /* PrintingProgress.swift in Sources */,
				8D92FBDF2C2CBE460040747C /* PrintStatusPacketDecoder.swift in Sources */,
				8DEB85EA2C0E0A970028526B /* BluetoothSupport.swift in Sources */,
				8DDC3D102C19C6BB00296C72 /* LabelTypePacketDecoder.swift in Sources */,
				8D8AF3D42C288EA1005E2F94 /* FontDetails.swift in Sources */,
				8DDC3D462C1A552800296C72 /* HistoryView.swift in Sources */,
				8DEB860E2C1250BF0028526B /* ImageGenerator.swift in Sources */,
				8DDC3D0E2C19C69900296C72 /* DensityPacketDecoder.swift in Sources */,
				8D58DC252C052317001EBD95 /* Packet.swift in Sources */,
				8DDC3D1E2C19C79000296C72 /* RFIDDataPacketDecoder.swift in Sources */,
				8DDC3D182C19C72A00296C72 /* BatteryInformationPacketDecoder.swift in Sources */,
				8D9639432C0B927F00374894 /* NotificationObservable.swift in Sources */,
				8D96391F2C0A8E8B00374894 /* DataExtension.swift in Sources */,
				8D35E3382C23828A00E8E2A9 /* BluetoothPeripheralsView.swift in Sources */,
				8DED511F2C3080F700B52F1E /* SegmentedPickerView.swift in Sources */,
				8DDC3D422C1A290800296C72 /* ContentView.swift in Sources */,
				8DEB85EC2C0E112C0028526B /* BluetoothAccessProtocol.swift in Sources */,
				8D9639412C0B616D00374894 /* Notifier.swift in Sources */,
				8DED51212C318E3100B52F1E /* HorizontalTextAlignment.swift in Sources */,
				8DF9FE4F2C36A057004DAED2 /* PaperType.swift in Sources */,
				8DF9FE572C37FA8E004DAED2 /* PrinterAvailability.swift in Sources */,
				8DDC3CEA2C179A4A00296C72 /* FixedWidthIntegerExtension.swift in Sources */,
				8D76C5372C08DA38005D7EEB /* IOError.swift in Sources */,
				8D58DC342C064583001EBD95 /* PrinterDevice.swift in Sources */,
				8D9639472C0B9C8B00374894 /* NotifierExtension.swift in Sources */,
				8DF9FE532C36DF97004DAED2 /* ObservablePaperType.swift in Sources */,
				8DDC3D1C2C19C77200296C72 /* BoolBytePacketDecoder.swift in Sources */,
				8D9639452C0B984F00374894 /* NotificationObservableExtension.swift in Sources */,
				8DDC3CE82C1645B600296C72 /* CGImageExtension.swift in Sources */,
				8D8AF3CD2C2756CD005E2F94 /* LevelIndicator.swift in Sources */,
				8DDC3D442C1A45A900296C72 /* PrinterView.swift in Sources */,
				8D76C5132C078BF1005D7EEB /* ArrayExtension.swift in Sources */,
				8D8AF3D22C28271B005E2F94 /* PaperDetails.swift in Sources */,
				8DEB85E82C0CC6E00028526B /* BluetoothIO.swift in Sources */,
				8D1F59BB2C20EAF8002A037F /* IndicatorValueSlider.swift in Sources */,
				8D58DC162C052197001EBD95 /* PrinterAppD110.swift in Sources */,
				8D76C53D2C091062005D7EEB /* FileSystemAccessProtocol.swift in Sources */,
				8D9639492C0B9EC600374894 /* Printer.swift in Sources */,
				8D8AF3D02C2826FD005E2F94 /* PrinterDetails.swift in Sources */,
				8D35E3362C236C7C00E8E2A9 /* BluetoothPeripheral.swift in Sources */,
				8DF9FE592C38A669004DAED2 /* TextTabView.swift in Sources */,
				8DF9FE5D2C394D8C004DAED2 /* TextProperties.swift in Sources */,
				8DF9FE512C36DD5D004DAED2 /* Margin.swift in Sources */,
				8DDC3D1A2C19C74800296C72 /* DeviceTypePacketDecoder.swift in Sources */,
				8DED51232C31927200B52F1E /* VerticalTextAlignment.swift in Sources */,
				8DA917C32C21E1A1004B90AC /* PrinterLabelDetailView.swift in Sources */,
				8DED511D2C2FE14500B52F1E /* AlignmentView.swift in Sources */,
				8D92FBE12C2E075B0040747C /* SendAndWaitAsync.swift in Sources */,
				8D76C5352C08DA08005D7EEB /* IOProtocol.swift in Sources */,
				8D8AF3D82C28AE8A005E2F94 /* ImagePreview.swift in Sources */,
				8D96394B2C0BA60800374894 /* PacketDecoder.swift in Sources */,
				8D84EF9C2C20FA0D0070BA8A /* PrinterDetailsView.swift in Sources */,
				8DEB85EE2C0E5E610028526B /* DataConsumerProtocol.swift in Sources */,
				8D96393F2C0B5E0600374894 /* Notifications.swift in Sources */,
				8DDC3D162C19C71000296C72 /* HardwareVersionPacketDecoder.swift in Sources */,
				8D76C5332C08D9D1005D7EEB /* FileSystemIO.swift in Sources */,
				8DDC3D142C19C6F400296C72 /* SoftwareVersionPacketDecoder.swift in Sources */,
				8D76C5622C0A21AD005D7EEB /* UplinkProcessor.swift in Sources */,
				8D76C53B2C090B96005D7EEB /* PosixFileSystemAccess.swift in Sources */,
				8D84EF9A2C20F6090070BA8A /* FontSelectionView.swift in Sources */,
				8DF9FE552C36E7F8004DAED2 /* Preview.swift in Sources */,
			);
			runOnlyForDeploymentPostprocessing = 0;
		};
		8D58DC262C05D460001EBD95 /* Sources */ = {
			isa = PBXSourcesBuildPhase;
			buildActionMask = 2147483647;
			files = (
				8D76C5602C0A11BB005D7EEB /* ArrayExtension.swift in Sources */,
				8D76C53F2C091162005D7EEB /* StubbedFileSystem.swift in Sources */,
				8D58DC2D2C05D460001EBD95 /* PacketTests.swift in Sources */,
				8D76C5412C0912C4005D7EEB /* FileSystemIOTests.swift in Sources */,
			);
			runOnlyForDeploymentPostprocessing = 0;
		};
/* End PBXSourcesBuildPhase section */

/* Begin PBXTargetDependency section */
		8D58DC2F2C05D460001EBD95 /* PBXTargetDependency */ = {
			isa = PBXTargetDependency;
			target = 8D58DC112C052197001EBD95 /* Niimbot Printer */;
			targetProxy = 8D58DC2E2C05D460001EBD95 /* PBXContainerItemProxy */;
		};
/* End PBXTargetDependency section */

/* Begin XCBuildConfiguration section */
		8D58DC1F2C052198001EBD95 /* Debug */ = {
			isa = XCBuildConfiguration;
			buildSettings = {
				ALWAYS_SEARCH_USER_PATHS = NO;
				ASSETCATALOG_COMPILER_GENERATE_SWIFT_ASSET_SYMBOL_EXTENSIONS = YES;
				CLANG_ANALYZER_NONNULL = YES;
				CLANG_ANALYZER_NUMBER_OBJECT_CONVERSION = YES_AGGRESSIVE;
				CLANG_CXX_LANGUAGE_STANDARD = "gnu++20";
				CLANG_ENABLE_MODULES = YES;
				CLANG_ENABLE_OBJC_ARC = YES;
				CLANG_ENABLE_OBJC_WEAK = YES;
				CLANG_WARN_BLOCK_CAPTURE_AUTORELEASING = YES;
				CLANG_WARN_BOOL_CONVERSION = YES;
				CLANG_WARN_COMMA = YES;
				CLANG_WARN_CONSTANT_CONVERSION = YES;
				CLANG_WARN_DEPRECATED_OBJC_IMPLEMENTATIONS = YES;
				CLANG_WARN_DIRECT_OBJC_ISA_USAGE = YES_ERROR;
				CLANG_WARN_DOCUMENTATION_COMMENTS = YES;
				CLANG_WARN_EMPTY_BODY = YES;
				CLANG_WARN_ENUM_CONVERSION = YES;
				CLANG_WARN_INFINITE_RECURSION = YES;
				CLANG_WARN_INT_CONVERSION = YES;
				CLANG_WARN_NON_LITERAL_NULL_CONVERSION = YES;
				CLANG_WARN_OBJC_IMPLICIT_RETAIN_SELF = YES;
				CLANG_WARN_OBJC_LITERAL_CONVERSION = YES;
				CLANG_WARN_OBJC_ROOT_CLASS = YES_ERROR;
				CLANG_WARN_QUOTED_INCLUDE_IN_FRAMEWORK_HEADER = YES;
				CLANG_WARN_RANGE_LOOP_ANALYSIS = YES;
				CLANG_WARN_STRICT_PROTOTYPES = YES;
				CLANG_WARN_SUSPICIOUS_MOVE = YES;
				CLANG_WARN_UNGUARDED_AVAILABILITY = YES_AGGRESSIVE;
				CLANG_WARN_UNREACHABLE_CODE = YES;
				CLANG_WARN__DUPLICATE_METHOD_MATCH = YES;
				COPY_PHASE_STRIP = NO;
				DEBUG_INFORMATION_FORMAT = dwarf;
				ENABLE_STRICT_OBJC_MSGSEND = YES;
				ENABLE_TESTABILITY = YES;
				ENABLE_USER_SCRIPT_SANDBOXING = YES;
				GCC_C_LANGUAGE_STANDARD = gnu17;
				GCC_DYNAMIC_NO_PIC = NO;
				GCC_NO_COMMON_BLOCKS = YES;
				GCC_OPTIMIZATION_LEVEL = 0;
				GCC_PREPROCESSOR_DEFINITIONS = (
					"DEBUG=1",
					"$(inherited)",
				);
				GCC_WARN_64_TO_32_BIT_CONVERSION = YES;
				GCC_WARN_ABOUT_RETURN_TYPE = YES_ERROR;
				GCC_WARN_UNDECLARED_SELECTOR = YES;
				GCC_WARN_UNINITIALIZED_AUTOS = YES_AGGRESSIVE;
				GCC_WARN_UNUSED_FUNCTION = YES;
				GCC_WARN_UNUSED_VARIABLE = YES;
				LOCALIZATION_PREFERS_STRING_CATALOGS = YES;
				MACOSX_DEPLOYMENT_TARGET = 14.5;
				MTL_ENABLE_DEBUG_INFO = INCLUDE_SOURCE;
				MTL_FAST_MATH = YES;
				ONLY_ACTIVE_ARCH = YES;
				SDKROOT = macosx;
				SWIFT_ACTIVE_COMPILATION_CONDITIONS = "DEBUG $(inherited)";
				SWIFT_OPTIMIZATION_LEVEL = "-Onone";
			};
			name = Debug;
		};
		8D58DC202C052198001EBD95 /* Release */ = {
			isa = XCBuildConfiguration;
			buildSettings = {
				ALWAYS_SEARCH_USER_PATHS = NO;
				ASSETCATALOG_COMPILER_GENERATE_SWIFT_ASSET_SYMBOL_EXTENSIONS = YES;
				CLANG_ANALYZER_NONNULL = YES;
				CLANG_ANALYZER_NUMBER_OBJECT_CONVERSION = YES_AGGRESSIVE;
				CLANG_CXX_LANGUAGE_STANDARD = "gnu++20";
				CLANG_ENABLE_MODULES = YES;
				CLANG_ENABLE_OBJC_ARC = YES;
				CLANG_ENABLE_OBJC_WEAK = YES;
				CLANG_WARN_BLOCK_CAPTURE_AUTORELEASING = YES;
				CLANG_WARN_BOOL_CONVERSION = YES;
				CLANG_WARN_COMMA = YES;
				CLANG_WARN_CONSTANT_CONVERSION = YES;
				CLANG_WARN_DEPRECATED_OBJC_IMPLEMENTATIONS = YES;
				CLANG_WARN_DIRECT_OBJC_ISA_USAGE = YES_ERROR;
				CLANG_WARN_DOCUMENTATION_COMMENTS = YES;
				CLANG_WARN_EMPTY_BODY = YES;
				CLANG_WARN_ENUM_CONVERSION = YES;
				CLANG_WARN_INFINITE_RECURSION = YES;
				CLANG_WARN_INT_CONVERSION = YES;
				CLANG_WARN_NON_LITERAL_NULL_CONVERSION = YES;
				CLANG_WARN_OBJC_IMPLICIT_RETAIN_SELF = YES;
				CLANG_WARN_OBJC_LITERAL_CONVERSION = YES;
				CLANG_WARN_OBJC_ROOT_CLASS = YES_ERROR;
				CLANG_WARN_QUOTED_INCLUDE_IN_FRAMEWORK_HEADER = YES;
				CLANG_WARN_RANGE_LOOP_ANALYSIS = YES;
				CLANG_WARN_STRICT_PROTOTYPES = YES;
				CLANG_WARN_SUSPICIOUS_MOVE = YES;
				CLANG_WARN_UNGUARDED_AVAILABILITY = YES_AGGRESSIVE;
				CLANG_WARN_UNREACHABLE_CODE = YES;
				CLANG_WARN__DUPLICATE_METHOD_MATCH = YES;
				COPY_PHASE_STRIP = NO;
				DEBUG_INFORMATION_FORMAT = "dwarf-with-dsym";
				ENABLE_NS_ASSERTIONS = NO;
				ENABLE_STRICT_OBJC_MSGSEND = YES;
				ENABLE_USER_SCRIPT_SANDBOXING = YES;
				GCC_C_LANGUAGE_STANDARD = gnu17;
				GCC_NO_COMMON_BLOCKS = YES;
				GCC_WARN_64_TO_32_BIT_CONVERSION = YES;
				GCC_WARN_ABOUT_RETURN_TYPE = YES_ERROR;
				GCC_WARN_UNDECLARED_SELECTOR = YES;
				GCC_WARN_UNINITIALIZED_AUTOS = YES_AGGRESSIVE;
				GCC_WARN_UNUSED_FUNCTION = YES;
				GCC_WARN_UNUSED_VARIABLE = YES;
				LOCALIZATION_PREFERS_STRING_CATALOGS = YES;
				MACOSX_DEPLOYMENT_TARGET = 14.5;
				MTL_ENABLE_DEBUG_INFO = NO;
				MTL_FAST_MATH = YES;
				SDKROOT = macosx;
				SWIFT_COMPILATION_MODE = wholemodule;
			};
			name = Release;
		};
		8D58DC222C052198001EBD95 /* Debug */ = {
			isa = XCBuildConfiguration;
			buildSettings = {
				ASSETCATALOG_COMPILER_APPICON_NAME = AppIcon;
				ASSETCATALOG_COMPILER_GLOBAL_ACCENT_COLOR_NAME = AccentColor;
				CODE_SIGN_ENTITLEMENTS = "Niimbot Printer/Niimbot_Printer.entitlements";
				CODE_SIGN_STYLE = Automatic;
				COMBINE_HIDPI_IMAGES = YES;
				CURRENT_PROJECT_VERSION = 1;
				DEVELOPMENT_TEAM = 3HRQ8E2SZ4;
				ENABLE_HARDENED_RUNTIME = YES;
				GENERATE_INFOPLIST_FILE = YES;
				INFOPLIST_FILE = "Niimbot-Printer-Info.plist";
				INFOPLIST_KEY_NSBluetoothAlwaysUsageDescription = "Bluetooth is required for communicating to Niimbot printer.";
				INFOPLIST_KEY_NSHumanReadableCopyright = "";
				LD_RUNPATH_SEARCH_PATHS = (
					"$(inherited)",
					"@executable_path/../Frameworks",
				);
				MARKETING_VERSION = 1.0;
				PRODUCT_BUNDLE_IDENTIFIER = "cz.vookimedlo.Niimbot.app.Niimbot-Printer";
				PRODUCT_NAME = "$(TARGET_NAME)";
				SWIFT_EMIT_LOC_STRINGS = YES;
				SWIFT_VERSION = 5.0;
			};
			name = Debug;
		};
		8D58DC232C052198001EBD95 /* Release */ = {
			isa = XCBuildConfiguration;
			buildSettings = {
				ASSETCATALOG_COMPILER_APPICON_NAME = AppIcon;
				ASSETCATALOG_COMPILER_GLOBAL_ACCENT_COLOR_NAME = AccentColor;
				CODE_SIGN_ENTITLEMENTS = "Niimbot Printer/Niimbot_Printer.entitlements";
				CODE_SIGN_STYLE = Automatic;
				COMBINE_HIDPI_IMAGES = YES;
				CURRENT_PROJECT_VERSION = 1;
				DEVELOPMENT_TEAM = 3HRQ8E2SZ4;
				ENABLE_HARDENED_RUNTIME = YES;
				GENERATE_INFOPLIST_FILE = YES;
				INFOPLIST_FILE = "Niimbot-Printer-Info.plist";
				INFOPLIST_KEY_NSBluetoothAlwaysUsageDescription = "Bluetooth is required for communicating to Niimbot printer.";
				INFOPLIST_KEY_NSHumanReadableCopyright = "";
				LD_RUNPATH_SEARCH_PATHS = (
					"$(inherited)",
					"@executable_path/../Frameworks",
				);
				MARKETING_VERSION = 1.0;
				PRODUCT_BUNDLE_IDENTIFIER = "cz.vookimedlo.Niimbot.app.Niimbot-Printer";
				PRODUCT_NAME = "$(TARGET_NAME)";
				SWIFT_EMIT_LOC_STRINGS = YES;
				SWIFT_VERSION = 5.0;
			};
			name = Release;
		};
		8D58DC312C05D460001EBD95 /* Debug */ = {
			isa = XCBuildConfiguration;
			buildSettings = {
				BUNDLE_LOADER = "$(TEST_HOST)";
				CODE_SIGN_STYLE = Automatic;
				CURRENT_PROJECT_VERSION = 1;
				DEVELOPMENT_TEAM = 3HRQ8E2SZ4;
				GENERATE_INFOPLIST_FILE = YES;
				MARKETING_VERSION = 1.0;
				PRODUCT_BUNDLE_IDENTIFIER = "cz.vookimedlo.Niimbot.app.Niimbot-PrinterTests";
				PRODUCT_NAME = "$(TARGET_NAME)";
				SWIFT_EMIT_LOC_STRINGS = NO;
				SWIFT_VERSION = 5.0;
				TEST_HOST = "$(BUILT_PRODUCTS_DIR)/Niimbot Printer.app/$(BUNDLE_EXECUTABLE_FOLDER_PATH)/Niimbot Printer";
			};
			name = Debug;
		};
		8D58DC322C05D460001EBD95 /* Release */ = {
			isa = XCBuildConfiguration;
			buildSettings = {
				BUNDLE_LOADER = "$(TEST_HOST)";
				CODE_SIGN_STYLE = Automatic;
				CURRENT_PROJECT_VERSION = 1;
				DEVELOPMENT_TEAM = 3HRQ8E2SZ4;
				GENERATE_INFOPLIST_FILE = YES;
				MARKETING_VERSION = 1.0;
				PRODUCT_BUNDLE_IDENTIFIER = "cz.vookimedlo.Niimbot.app.Niimbot-PrinterTests";
				PRODUCT_NAME = "$(TARGET_NAME)";
				SWIFT_EMIT_LOC_STRINGS = NO;
				SWIFT_VERSION = 5.0;
				TEST_HOST = "$(BUILT_PRODUCTS_DIR)/Niimbot Printer.app/$(BUNDLE_EXECUTABLE_FOLDER_PATH)/Niimbot Printer";
			};
			name = Release;
		};
/* End XCBuildConfiguration section */

/* Begin XCConfigurationList section */
		8D58DC0D2C052197001EBD95 /* Build configuration list for PBXProject "Niimbot Printer" */ = {
			isa = XCConfigurationList;
			buildConfigurations = (
				8D58DC1F2C052198001EBD95 /* Debug */,
				8D58DC202C052198001EBD95 /* Release */,
			);
			defaultConfigurationIsVisible = 0;
			defaultConfigurationName = Release;
		};
		8D58DC212C052198001EBD95 /* Build configuration list for PBXNativeTarget "Niimbot Printer" */ = {
			isa = XCConfigurationList;
			buildConfigurations = (
				8D58DC222C052198001EBD95 /* Debug */,
				8D58DC232C052198001EBD95 /* Release */,
			);
			defaultConfigurationIsVisible = 0;
			defaultConfigurationName = Release;
		};
		8D58DC302C05D460001EBD95 /* Build configuration list for PBXNativeTarget "Niimbot PrinterTests" */ = {
			isa = XCConfigurationList;
			buildConfigurations = (
				8D58DC312C05D460001EBD95 /* Debug */,
				8D58DC322C05D460001EBD95 /* Release */,
			);
			defaultConfigurationIsVisible = 0;
			defaultConfigurationName = Release;
		};
/* End XCConfigurationList section */
	};
	rootObject = 8D58DC0A2C052197001EBD95 /* Project object */;
}
