// !$*UTF8*$!
{
	archiveVersion = 1;
	classes = {
	};
	objectVersion = 56;
	objects = {

/* Begin PBXBuildFile section */
		8D58DC162C052197001EBD95 /* AppDelegate.swift in Sources */ = {isa = PBXBuildFile; fileRef = 8D58DC152C052197001EBD95 /* AppDelegate.swift */; };
		8D58DC182C052197001EBD95 /* ViewController.swift in Sources */ = {isa = PBXBuildFile; fileRef = 8D58DC172C052197001EBD95 /* ViewController.swift */; };
		8D58DC1A2C052198001EBD95 /* Assets.xcassets in Resources */ = {isa = PBXBuildFile; fileRef = 8D58DC192C052198001EBD95 /* Assets.xcassets */; };
		8D58DC1D2C052198001EBD95 /* Base in Resources */ = {isa = PBXBuildFile; fileRef = 8D58DC1C2C052198001EBD95 /* Base */; };
		8D58DC252C052317001EBD95 /* Packet.swift in Sources */ = {isa = PBXBuildFile; fileRef = 8D58DC242C052317001EBD95 /* Packet.swift */; };
		8D58DC2D2C05D460001EBD95 /* PacketTests.swift in Sources */ = {isa = PBXBuildFile; fileRef = 8D58DC2C2C05D460001EBD95 /* PacketTests.swift */; };
		8D58DC342C064583001EBD95 /* PrinterDevice.swift in Sources */ = {isa = PBXBuildFile; fileRef = 8D58DC332C064583001EBD95 /* PrinterDevice.swift */; };
		8D76C5132C078BF1005D7EEB /* ArrayExtension.swift in Sources */ = {isa = PBXBuildFile; fileRef = 8D76C5122C078BF1005D7EEB /* ArrayExtension.swift */; };
		8D76C5332C08D9D1005D7EEB /* FileSystemIO.swift in Sources */ = {isa = PBXBuildFile; fileRef = 8D76C5322C08D9D1005D7EEB /* FileSystemIO.swift */; };
		8D76C5352C08DA08005D7EEB /* IOProtocol.swift in Sources */ = {isa = PBXBuildFile; fileRef = 8D76C5342C08DA08005D7EEB /* IOProtocol.swift */; };
		8D76C5372C08DA38005D7EEB /* IOError.swift in Sources */ = {isa = PBXBuildFile; fileRef = 8D76C5362C08DA38005D7EEB /* IOError.swift */; };
		8D76C53B2C090B96005D7EEB /* PosixFileSystemAccess.swift in Sources */ = {isa = PBXBuildFile; fileRef = 8D76C53A2C090B96005D7EEB /* PosixFileSystemAccess.swift */; };
		8D76C53D2C091062005D7EEB /* FileSystemAccessProtocol.swift in Sources */ = {isa = PBXBuildFile; fileRef = 8D76C53C2C091062005D7EEB /* FileSystemAccessProtocol.swift */; };
		8D76C53F2C091162005D7EEB /* StubbedFileSystem.swift in Sources */ = {isa = PBXBuildFile; fileRef = 8D76C53E2C091162005D7EEB /* StubbedFileSystem.swift */; };
		8D76C5412C0912C4005D7EEB /* FileSystemIOTests.swift in Sources */ = {isa = PBXBuildFile; fileRef = 8D76C5402C0912C4005D7EEB /* FileSystemIOTests.swift */; };
		8D76C5602C0A11BB005D7EEB /* ArrayExtension.swift in Sources */ = {isa = PBXBuildFile; fileRef = 8D76C5122C078BF1005D7EEB /* ArrayExtension.swift */; };
		8D76C5622C0A21AD005D7EEB /* UplinkProcessor.swift in Sources */ = {isa = PBXBuildFile; fileRef = 8D76C5612C0A21AD005D7EEB /* UplinkProcessor.swift */; };
		8D96391F2C0A8E8B00374894 /* DataExtension.swift in Sources */ = {isa = PBXBuildFile; fileRef = 8D96391E2C0A8E8B00374894 /* DataExtension.swift */; };
		8D96393F2C0B5E0600374894 /* Notifications.swift in Sources */ = {isa = PBXBuildFile; fileRef = 8D96393E2C0B5E0600374894 /* Notifications.swift */; };
		8D9639412C0B616D00374894 /* Notifier.swift in Sources */ = {isa = PBXBuildFile; fileRef = 8D9639402C0B616D00374894 /* Notifier.swift */; };
		8D9639432C0B927F00374894 /* Observable.swift in Sources */ = {isa = PBXBuildFile; fileRef = 8D9639422C0B927F00374894 /* Observable.swift */; };
		8D9639452C0B984F00374894 /* ObservableExtension.swift in Sources */ = {isa = PBXBuildFile; fileRef = 8D9639442C0B984F00374894 /* ObservableExtension.swift */; };
		8D9639472C0B9C8B00374894 /* NotifierExtension.swift in Sources */ = {isa = PBXBuildFile; fileRef = 8D9639462C0B9C8B00374894 /* NotifierExtension.swift */; };
		8D9639492C0B9EC600374894 /* Printer.swift in Sources */ = {isa = PBXBuildFile; fileRef = 8D9639482C0B9EC600374894 /* Printer.swift */; };
		8D96394B2C0BA60800374894 /* PacketDecoder.swift in Sources */ = {isa = PBXBuildFile; fileRef = 8D96394A2C0BA60800374894 /* PacketDecoder.swift */; };
		8DDC3CE82C1645B600296C72 /* CGImageExtension.swift in Sources */ = {isa = PBXBuildFile; fileRef = 8DDC3CE72C1645B600296C72 /* CGImageExtension.swift */; };
		8DDC3CEA2C179A4A00296C72 /* NumericExtension.swift in Sources */ = {isa = PBXBuildFile; fileRef = 8DDC3CE92C179A4A00296C72 /* NumericExtension.swift */; };
		8DEB85E82C0CC6E00028526B /* BluetoothIO.swift in Sources */ = {isa = PBXBuildFile; fileRef = 8DEB85E72C0CC6E00028526B /* BluetoothIO.swift */; };
		8DEB85EA2C0E0A970028526B /* BluetoothSupport.swift in Sources */ = {isa = PBXBuildFile; fileRef = 8DEB85E92C0E0A970028526B /* BluetoothSupport.swift */; };
		8DEB85EC2C0E112C0028526B /* BluetoothAccessProtocol.swift in Sources */ = {isa = PBXBuildFile; fileRef = 8DEB85EB2C0E112C0028526B /* BluetoothAccessProtocol.swift */; };
		8DEB85EE2C0E5E610028526B /* DataConsumerProtocol.swift in Sources */ = {isa = PBXBuildFile; fileRef = 8DEB85ED2C0E5E610028526B /* DataConsumerProtocol.swift */; };
		8DEB860E2C1250BF0028526B /* Image.swift in Sources */ = {isa = PBXBuildFile; fileRef = 8DEB860D2C1250BF0028526B /* Image.swift */; };
/* End PBXBuildFile section */

/* Begin PBXContainerItemProxy section */
		8D58DC2E2C05D460001EBD95 /* PBXContainerItemProxy */ = {
			isa = PBXContainerItemProxy;
			containerPortal = 8D58DC0A2C052197001EBD95 /* Project object */;
			proxyType = 1;
			remoteGlobalIDString = 8D58DC112C052197001EBD95;
			remoteInfo = "Niimbot Printer";
		};
/* End PBXContainerItemProxy section */

/* Begin PBXFileReference section */
		8D58DC122C052197001EBD95 /* Niimbot Printer.app */ = {isa = PBXFileReference; explicitFileType = wrapper.application; includeInIndex = 0; path = "Niimbot Printer.app"; sourceTree = BUILT_PRODUCTS_DIR; };
		8D58DC152C052197001EBD95 /* AppDelegate.swift */ = {isa = PBXFileReference; lastKnownFileType = sourcecode.swift; path = AppDelegate.swift; sourceTree = "<group>"; };
		8D58DC172C052197001EBD95 /* ViewController.swift */ = {isa = PBXFileReference; lastKnownFileType = sourcecode.swift; path = ViewController.swift; sourceTree = "<group>"; };
		8D58DC192C052198001EBD95 /* Assets.xcassets */ = {isa = PBXFileReference; lastKnownFileType = folder.assetcatalog; path = Assets.xcassets; sourceTree = "<group>"; };
		8D58DC1C2C052198001EBD95 /* Base */ = {isa = PBXFileReference; lastKnownFileType = file.storyboard; name = Base; path = Base.lproj/Main.storyboard; sourceTree = "<group>"; };
		8D58DC1E2C052198001EBD95 /* Niimbot_Printer.entitlements */ = {isa = PBXFileReference; lastKnownFileType = text.plist.entitlements; path = Niimbot_Printer.entitlements; sourceTree = "<group>"; };
		8D58DC242C052317001EBD95 /* Packet.swift */ = {isa = PBXFileReference; lastKnownFileType = sourcecode.swift; path = Packet.swift; sourceTree = "<group>"; };
		8D58DC2A2C05D460001EBD95 /* Niimbot PrinterTests.xctest */ = {isa = PBXFileReference; explicitFileType = wrapper.cfbundle; includeInIndex = 0; path = "Niimbot PrinterTests.xctest"; sourceTree = BUILT_PRODUCTS_DIR; };
		8D58DC2C2C05D460001EBD95 /* PacketTests.swift */ = {isa = PBXFileReference; lastKnownFileType = sourcecode.swift; path = PacketTests.swift; sourceTree = "<group>"; };
		8D58DC332C064583001EBD95 /* PrinterDevice.swift */ = {isa = PBXFileReference; lastKnownFileType = sourcecode.swift; path = PrinterDevice.swift; sourceTree = "<group>"; };
		8D76C5122C078BF1005D7EEB /* ArrayExtension.swift */ = {isa = PBXFileReference; lastKnownFileType = sourcecode.swift; path = ArrayExtension.swift; sourceTree = "<group>"; };
		8D76C5322C08D9D1005D7EEB /* FileSystemIO.swift */ = {isa = PBXFileReference; lastKnownFileType = sourcecode.swift; path = FileSystemIO.swift; sourceTree = "<group>"; };
		8D76C5342C08DA08005D7EEB /* IOProtocol.swift */ = {isa = PBXFileReference; lastKnownFileType = sourcecode.swift; path = IOProtocol.swift; sourceTree = "<group>"; };
		8D76C5362C08DA38005D7EEB /* IOError.swift */ = {isa = PBXFileReference; lastKnownFileType = sourcecode.swift; path = IOError.swift; sourceTree = "<group>"; };
		8D76C53A2C090B96005D7EEB /* PosixFileSystemAccess.swift */ = {isa = PBXFileReference; lastKnownFileType = sourcecode.swift; path = PosixFileSystemAccess.swift; sourceTree = "<group>"; };
		8D76C53C2C091062005D7EEB /* FileSystemAccessProtocol.swift */ = {isa = PBXFileReference; lastKnownFileType = sourcecode.swift; path = FileSystemAccessProtocol.swift; sourceTree = "<group>"; };
		8D76C53E2C091162005D7EEB /* StubbedFileSystem.swift */ = {isa = PBXFileReference; lastKnownFileType = sourcecode.swift; path = StubbedFileSystem.swift; sourceTree = "<group>"; };
		8D76C5402C0912C4005D7EEB /* FileSystemIOTests.swift */ = {isa = PBXFileReference; lastKnownFileType = sourcecode.swift; path = FileSystemIOTests.swift; sourceTree = "<group>"; };
		8D76C5612C0A21AD005D7EEB /* UplinkProcessor.swift */ = {isa = PBXFileReference; lastKnownFileType = sourcecode.swift; path = UplinkProcessor.swift; sourceTree = "<group>"; };
		8D96391E2C0A8E8B00374894 /* DataExtension.swift */ = {isa = PBXFileReference; lastKnownFileType = sourcecode.swift; path = DataExtension.swift; sourceTree = "<group>"; };
		8D96393E2C0B5E0600374894 /* Notifications.swift */ = {isa = PBXFileReference; lastKnownFileType = sourcecode.swift; path = Notifications.swift; sourceTree = "<group>"; };
		8D9639402C0B616D00374894 /* Notifier.swift */ = {isa = PBXFileReference; lastKnownFileType = sourcecode.swift; path = Notifier.swift; sourceTree = "<group>"; };
		8D9639422C0B927F00374894 /* Observable.swift */ = {isa = PBXFileReference; lastKnownFileType = sourcecode.swift; path = Observable.swift; sourceTree = "<group>"; };
		8D9639442C0B984F00374894 /* ObservableExtension.swift */ = {isa = PBXFileReference; lastKnownFileType = sourcecode.swift; path = ObservableExtension.swift; sourceTree = "<group>"; };
		8D9639462C0B9C8B00374894 /* NotifierExtension.swift */ = {isa = PBXFileReference; lastKnownFileType = sourcecode.swift; path = NotifierExtension.swift; sourceTree = "<group>"; };
		8D9639482C0B9EC600374894 /* Printer.swift */ = {isa = PBXFileReference; lastKnownFileType = sourcecode.swift; path = Printer.swift; sourceTree = "<group>"; };
		8D96394A2C0BA60800374894 /* PacketDecoder.swift */ = {isa = PBXFileReference; lastKnownFileType = sourcecode.swift; path = PacketDecoder.swift; sourceTree = "<group>"; };
		8DDC3CE72C1645B600296C72 /* CGImageExtension.swift */ = {isa = PBXFileReference; lastKnownFileType = sourcecode.swift; path = CGImageExtension.swift; sourceTree = "<group>"; };
		8DDC3CE92C179A4A00296C72 /* NumericExtension.swift */ = {isa = PBXFileReference; lastKnownFileType = sourcecode.swift; path = NumericExtension.swift; sourceTree = "<group>"; };
		8DEB85E62C0CBFD40028526B /* Niimbot-Printer-Info.plist */ = {isa = PBXFileReference; lastKnownFileType = text.plist; path = "Niimbot-Printer-Info.plist"; sourceTree = SOURCE_ROOT; };
		8DEB85E72C0CC6E00028526B /* BluetoothIO.swift */ = {isa = PBXFileReference; lastKnownFileType = sourcecode.swift; path = BluetoothIO.swift; sourceTree = "<group>"; };
		8DEB85E92C0E0A970028526B /* BluetoothSupport.swift */ = {isa = PBXFileReference; lastKnownFileType = sourcecode.swift; path = BluetoothSupport.swift; sourceTree = "<group>"; };
		8DEB85EB2C0E112C0028526B /* BluetoothAccessProtocol.swift */ = {isa = PBXFileReference; lastKnownFileType = sourcecode.swift; path = BluetoothAccessProtocol.swift; sourceTree = "<group>"; };
		8DEB85ED2C0E5E610028526B /* DataConsumerProtocol.swift */ = {isa = PBXFileReference; lastKnownFileType = sourcecode.swift; path = DataConsumerProtocol.swift; sourceTree = "<group>"; };
		8DEB860D2C1250BF0028526B /* Image.swift */ = {isa = PBXFileReference; lastKnownFileType = sourcecode.swift; path = Image.swift; sourceTree = "<group>"; };
/* End PBXFileReference section */

/* Begin PBXFrameworksBuildPhase section */
		8D58DC0F2C052197001EBD95 /* Frameworks */ = {
			isa = PBXFrameworksBuildPhase;
			buildActionMask = 2147483647;
			files = (
			);
			runOnlyForDeploymentPostprocessing = 0;
		};
		8D58DC272C05D460001EBD95 /* Frameworks */ = {
			isa = PBXFrameworksBuildPhase;
			buildActionMask = 2147483647;
			files = (
			);
			runOnlyForDeploymentPostprocessing = 0;
		};
/* End PBXFrameworksBuildPhase section */

/* Begin PBXGroup section */
		8D58DC092C052197001EBD95 = {
			isa = PBXGroup;
			children = (
				8D58DC142C052197001EBD95 /* Niimbot Printer */,
				8D58DC2B2C05D460001EBD95 /* Niimbot PrinterTests */,
				8D58DC132C052197001EBD95 /* Products */,
			);
			sourceTree = "<group>";
		};
		8D58DC132C052197001EBD95 /* Products */ = {
			isa = PBXGroup;
			children = (
				8D58DC122C052197001EBD95 /* Niimbot Printer.app */,
				8D58DC2A2C05D460001EBD95 /* Niimbot PrinterTests.xctest */,
			);
			name = Products;
			sourceTree = "<group>";
		};
		8D58DC142C052197001EBD95 /* Niimbot Printer */ = {
			isa = PBXGroup;
			children = (
				8D58DC152C052197001EBD95 /* AppDelegate.swift */,
				8D76C5122C078BF1005D7EEB /* ArrayExtension.swift */,
				8D58DC192C052198001EBD95 /* Assets.xcassets */,
				8DEB85EB2C0E112C0028526B /* BluetoothAccessProtocol.swift */,
				8DEB85E72C0CC6E00028526B /* BluetoothIO.swift */,
				8DEB85E92C0E0A970028526B /* BluetoothSupport.swift */,
				8DDC3CE72C1645B600296C72 /* CGImageExtension.swift */,
				8DEB85ED2C0E5E610028526B /* DataConsumerProtocol.swift */,
				8D96391E2C0A8E8B00374894 /* DataExtension.swift */,
				8D76C53C2C091062005D7EEB /* FileSystemAccessProtocol.swift */,
				8D76C5322C08D9D1005D7EEB /* FileSystemIO.swift */,
				8DEB860D2C1250BF0028526B /* Image.swift */,
				8D76C5362C08DA38005D7EEB /* IOError.swift */,
				8D76C5342C08DA08005D7EEB /* IOProtocol.swift */,
				8D58DC1B2C052198001EBD95 /* Main.storyboard */,
				8D58DC1E2C052198001EBD95 /* Niimbot_Printer.entitlements */,
				8DEB85E62C0CBFD40028526B /* Niimbot-Printer-Info.plist */,
				8D96393E2C0B5E0600374894 /* Notifications.swift */,
				8D9639402C0B616D00374894 /* Notifier.swift */,
				8D9639462C0B9C8B00374894 /* NotifierExtension.swift */,
				8DDC3CE92C179A4A00296C72 /* NumericExtension.swift */,
				8D9639422C0B927F00374894 /* Observable.swift */,
				8D9639442C0B984F00374894 /* ObservableExtension.swift */,
				8D58DC242C052317001EBD95 /* Packet.swift */,
				8D96394A2C0BA60800374894 /* PacketDecoder.swift */,
				8D76C53A2C090B96005D7EEB /* PosixFileSystemAccess.swift */,
				8D9639482C0B9EC600374894 /* Printer.swift */,
				8D58DC332C064583001EBD95 /* PrinterDevice.swift */,
				8D76C5612C0A21AD005D7EEB /* UplinkProcessor.swift */,
				8D58DC172C052197001EBD95 /* ViewController.swift */,
			);
			path = "Niimbot Printer";
			sourceTree = "<group>";
		};
		8D58DC2B2C05D460001EBD95 /* Niimbot PrinterTests */ = {
			isa = PBXGroup;
			children = (
				8D76C5402C0912C4005D7EEB /* FileSystemIOTests.swift */,
				8D58DC2C2C05D460001EBD95 /* PacketTests.swift */,
				8D76C53E2C091162005D7EEB /* StubbedFileSystem.swift */,
			);
			path = "Niimbot PrinterTests";
			sourceTree = "<group>";
		};
/* End PBXGroup section */

/* Begin PBXNativeTarget section */
		8D58DC112C052197001EBD95 /* Niimbot Printer */ = {
			isa = PBXNativeTarget;
			buildConfigurationList = 8D58DC212C052198001EBD95 /* Build configuration list for PBXNativeTarget "Niimbot Printer" */;
			buildPhases = (
				8D58DC0E2C052197001EBD95 /* Sources */,
				8D58DC0F2C052197001EBD95 /* Frameworks */,
				8D58DC102C052197001EBD95 /* Resources */,
			);
			buildRules = (
			);
			dependencies = (
			);
			name = "Niimbot Printer";
			productName = "Niimbot Printer";
			productReference = 8D58DC122C052197001EBD95 /* Niimbot Printer.app */;
			productType = "com.apple.product-type.application";
		};
		8D58DC292C05D460001EBD95 /* Niimbot PrinterTests */ = {
			isa = PBXNativeTarget;
			buildConfigurationList = 8D58DC302C05D460001EBD95 /* Build configuration list for PBXNativeTarget "Niimbot PrinterTests" */;
			buildPhases = (
				8D58DC262C05D460001EBD95 /* Sources */,
				8D58DC272C05D460001EBD95 /* Frameworks */,
				8D58DC282C05D460001EBD95 /* Resources */,
			);
			buildRules = (
			);
			dependencies = (
				8D58DC2F2C05D460001EBD95 /* PBXTargetDependency */,
			);
			name = "Niimbot PrinterTests";
			productName = "Niimbot PrinterTests";
			productReference = 8D58DC2A2C05D460001EBD95 /* Niimbot PrinterTests.xctest */;
			productType = "com.apple.product-type.bundle.unit-test";
		};
/* End PBXNativeTarget section */

/* Begin PBXProject section */
		8D58DC0A2C052197001EBD95 /* Project object */ = {
			isa = PBXProject;
			attributes = {
				BuildIndependentTargetsInParallel = 1;
				LastSwiftUpdateCheck = 1540;
				LastUpgradeCheck = 1540;
				TargetAttributes = {
					8D58DC112C052197001EBD95 = {
						CreatedOnToolsVersion = 15.4;
					};
					8D58DC292C05D460001EBD95 = {
						CreatedOnToolsVersion = 15.4;
						TestTargetID = 8D58DC112C052197001EBD95;
					};
				};
			};
			buildConfigurationList = 8D58DC0D2C052197001EBD95 /* Build configuration list for PBXProject "Niimbot Printer" */;
			compatibilityVersion = "Xcode 14.0";
			developmentRegion = en;
			hasScannedForEncodings = 0;
			knownRegions = (
				en,
				Base,
			);
			mainGroup = 8D58DC092C052197001EBD95;
			productRefGroup = 8D58DC132C052197001EBD95 /* Products */;
			projectDirPath = "";
			projectRoot = "";
			targets = (
				8D58DC112C052197001EBD95 /* Niimbot Printer */,
				8D58DC292C05D460001EBD95 /* Niimbot PrinterTests */,
			);
		};
/* End PBXProject section */

/* Begin PBXResourcesBuildPhase section */
		8D58DC102C052197001EBD95 /* Resources */ = {
			isa = PBXResourcesBuildPhase;
			buildActionMask = 2147483647;
			files = (
				8D58DC1A2C052198001EBD95 /* Assets.xcassets in Resources */,
				8D58DC1D2C052198001EBD95 /* Base in Resources */,
			);
			runOnlyForDeploymentPostprocessing = 0;
		};
		8D58DC282C05D460001EBD95 /* Resources */ = {
			isa = PBXResourcesBuildPhase;
			buildActionMask = 2147483647;
			files = (
			);
			runOnlyForDeploymentPostprocessing = 0;
		};
/* End PBXResourcesBuildPhase section */

/* Begin PBXSourcesBuildPhase section */
		8D58DC0E2C052197001EBD95 /* Sources */ = {
			isa = PBXSourcesBuildPhase;
			buildActionMask = 2147483647;
			files = (
				8DEB85EA2C0E0A970028526B /* BluetoothSupport.swift in Sources */,
				8DEB860E2C1250BF0028526B /* Image.swift in Sources */,
				8D58DC252C052317001EBD95 /* Packet.swift in Sources */,
				8D9639432C0B927F00374894 /* Observable.swift in Sources */,
				8D96391F2C0A8E8B00374894 /* DataExtension.swift in Sources */,
				8DEB85EC2C0E112C0028526B /* BluetoothAccessProtocol.swift in Sources */,
				8D9639412C0B616D00374894 /* Notifier.swift in Sources */,
				8DDC3CEA2C179A4A00296C72 /* NumericExtension.swift in Sources */,
				8D76C5372C08DA38005D7EEB /* IOError.swift in Sources */,
				8D58DC342C064583001EBD95 /* PrinterDevice.swift in Sources */,
				8D9639472C0B9C8B00374894 /* NotifierExtension.swift in Sources */,
				8D9639452C0B984F00374894 /* ObservableExtension.swift in Sources */,
				8DDC3CE82C1645B600296C72 /* CGImageExtension.swift in Sources */,
				8D58DC182C052197001EBD95 /* ViewController.swift in Sources */,
				8D76C5132C078BF1005D7EEB /* ArrayExtension.swift in Sources */,
				8DEB85E82C0CC6E00028526B /* BluetoothIO.swift in Sources */,
				8D58DC162C052197001EBD95 /* AppDelegate.swift in Sources */,
				8D76C53D2C091062005D7EEB /* FileSystemAccessProtocol.swift in Sources */,
				8D9639492C0B9EC600374894 /* Printer.swift in Sources */,
				8D76C5352C08DA08005D7EEB /* IOProtocol.swift in Sources */,
				8D96394B2C0BA60800374894 /* PacketDecoder.swift in Sources */,
				8DEB85EE2C0E5E610028526B /* DataConsumerProtocol.swift in Sources */,
				8D96393F2C0B5E0600374894 /* Notifications.swift in Sources */,
				8D76C5332C08D9D1005D7EEB /* FileSystemIO.swift in Sources */,
				8D76C5622C0A21AD005D7EEB /* UplinkProcessor.swift in Sources */,
				8D76C53B2C090B96005D7EEB /* PosixFileSystemAccess.swift in Sources */,
			);
			runOnlyForDeploymentPostprocessing = 0;
		};
		8D58DC262C05D460001EBD95 /* Sources */ = {
			isa = PBXSourcesBuildPhase;
			buildActionMask = 2147483647;
			files = (
				8D76C5602C0A11BB005D7EEB /* ArrayExtension.swift in Sources */,
				8D76C53F2C091162005D7EEB /* StubbedFileSystem.swift in Sources */,
				8D58DC2D2C05D460001EBD95 /* PacketTests.swift in Sources */,
				8D76C5412C0912C4005D7EEB /* FileSystemIOTests.swift in Sources */,
			);
			runOnlyForDeploymentPostprocessing = 0;
		};
/* End PBXSourcesBuildPhase section */

/* Begin PBXTargetDependency section */
		8D58DC2F2C05D460001EBD95 /* PBXTargetDependency */ = {
			isa = PBXTargetDependency;
			target = 8D58DC112C052197001EBD95 /* Niimbot Printer */;
			targetProxy = 8D58DC2E2C05D460001EBD95 /* PBXContainerItemProxy */;
		};
/* End PBXTargetDependency section */

/* Begin PBXVariantGroup section */
		8D58DC1B2C052198001EBD95 /* Main.storyboard */ = {
			isa = PBXVariantGroup;
			children = (
				8D58DC1C2C052198001EBD95 /* Base */,
			);
			name = Main.storyboard;
			sourceTree = "<group>";
		};
/* End PBXVariantGroup section */

/* Begin XCBuildConfiguration section */
		8D58DC1F2C052198001EBD95 /* Debug */ = {
			isa = XCBuildConfiguration;
			buildSettings = {
				ALWAYS_SEARCH_USER_PATHS = NO;
				ASSETCATALOG_COMPILER_GENERATE_SWIFT_ASSET_SYMBOL_EXTENSIONS = YES;
				CLANG_ANALYZER_NONNULL = YES;
				CLANG_ANALYZER_NUMBER_OBJECT_CONVERSION = YES_AGGRESSIVE;
				CLANG_CXX_LANGUAGE_STANDARD = "gnu++20";
				CLANG_ENABLE_MODULES = YES;
				CLANG_ENABLE_OBJC_ARC = YES;
				CLANG_ENABLE_OBJC_WEAK = YES;
				CLANG_WARN_BLOCK_CAPTURE_AUTORELEASING = YES;
				CLANG_WARN_BOOL_CONVERSION = YES;
				CLANG_WARN_COMMA = YES;
				CLANG_WARN_CONSTANT_CONVERSION = YES;
				CLANG_WARN_DEPRECATED_OBJC_IMPLEMENTATIONS = YES;
				CLANG_WARN_DIRECT_OBJC_ISA_USAGE = YES_ERROR;
				CLANG_WARN_DOCUMENTATION_COMMENTS = YES;
				CLANG_WARN_EMPTY_BODY = YES;
				CLANG_WARN_ENUM_CONVERSION = YES;
				CLANG_WARN_INFINITE_RECURSION = YES;
				CLANG_WARN_INT_CONVERSION = YES;
				CLANG_WARN_NON_LITERAL_NULL_CONVERSION = YES;
				CLANG_WARN_OBJC_IMPLICIT_RETAIN_SELF = YES;
				CLANG_WARN_OBJC_LITERAL_CONVERSION = YES;
				CLANG_WARN_OBJC_ROOT_CLASS = YES_ERROR;
				CLANG_WARN_QUOTED_INCLUDE_IN_FRAMEWORK_HEADER = YES;
				CLANG_WARN_RANGE_LOOP_ANALYSIS = YES;
				CLANG_WARN_STRICT_PROTOTYPES = YES;
				CLANG_WARN_SUSPICIOUS_MOVE = YES;
				CLANG_WARN_UNGUARDED_AVAILABILITY = YES_AGGRESSIVE;
				CLANG_WARN_UNREACHABLE_CODE = YES;
				CLANG_WARN__DUPLICATE_METHOD_MATCH = YES;
				COPY_PHASE_STRIP = NO;
				DEBUG_INFORMATION_FORMAT = dwarf;
				ENABLE_STRICT_OBJC_MSGSEND = YES;
				ENABLE_TESTABILITY = YES;
				ENABLE_USER_SCRIPT_SANDBOXING = YES;
				GCC_C_LANGUAGE_STANDARD = gnu17;
				GCC_DYNAMIC_NO_PIC = NO;
				GCC_NO_COMMON_BLOCKS = YES;
				GCC_OPTIMIZATION_LEVEL = 0;
				GCC_PREPROCESSOR_DEFINITIONS = (
					"DEBUG=1",
					"$(inherited)",
				);
				GCC_WARN_64_TO_32_BIT_CONVERSION = YES;
				GCC_WARN_ABOUT_RETURN_TYPE = YES_ERROR;
				GCC_WARN_UNDECLARED_SELECTOR = YES;
				GCC_WARN_UNINITIALIZED_AUTOS = YES_AGGRESSIVE;
				GCC_WARN_UNUSED_FUNCTION = YES;
				GCC_WARN_UNUSED_VARIABLE = YES;
				LOCALIZATION_PREFERS_STRING_CATALOGS = YES;
				MACOSX_DEPLOYMENT_TARGET = 14.5;
				MTL_ENABLE_DEBUG_INFO = INCLUDE_SOURCE;
				MTL_FAST_MATH = YES;
				ONLY_ACTIVE_ARCH = YES;
				SDKROOT = macosx;
				SWIFT_ACTIVE_COMPILATION_CONDITIONS = "DEBUG $(inherited)";
				SWIFT_OPTIMIZATION_LEVEL = "-Onone";
			};
			name = Debug;
		};
		8D58DC202C052198001EBD95 /* Release */ = {
			isa = XCBuildConfiguration;
			buildSettings = {
				ALWAYS_SEARCH_USER_PATHS = NO;
				ASSETCATALOG_COMPILER_GENERATE_SWIFT_ASSET_SYMBOL_EXTENSIONS = YES;
				CLANG_ANALYZER_NONNULL = YES;
				CLANG_ANALYZER_NUMBER_OBJECT_CONVERSION = YES_AGGRESSIVE;
				CLANG_CXX_LANGUAGE_STANDARD = "gnu++20";
				CLANG_ENABLE_MODULES = YES;
				CLANG_ENABLE_OBJC_ARC = YES;
				CLANG_ENABLE_OBJC_WEAK = YES;
				CLANG_WARN_BLOCK_CAPTURE_AUTORELEASING = YES;
				CLANG_WARN_BOOL_CONVERSION = YES;
				CLANG_WARN_COMMA = YES;
				CLANG_WARN_CONSTANT_CONVERSION = YES;
				CLANG_WARN_DEPRECATED_OBJC_IMPLEMENTATIONS = YES;
				CLANG_WARN_DIRECT_OBJC_ISA_USAGE = YES_ERROR;
				CLANG_WARN_DOCUMENTATION_COMMENTS = YES;
				CLANG_WARN_EMPTY_BODY = YES;
				CLANG_WARN_ENUM_CONVERSION = YES;
				CLANG_WARN_INFINITE_RECURSION = YES;
				CLANG_WARN_INT_CONVERSION = YES;
				CLANG_WARN_NON_LITERAL_NULL_CONVERSION = YES;
				CLANG_WARN_OBJC_IMPLICIT_RETAIN_SELF = YES;
				CLANG_WARN_OBJC_LITERAL_CONVERSION = YES;
				CLANG_WARN_OBJC_ROOT_CLASS = YES_ERROR;
				CLANG_WARN_QUOTED_INCLUDE_IN_FRAMEWORK_HEADER = YES;
				CLANG_WARN_RANGE_LOOP_ANALYSIS = YES;
				CLANG_WARN_STRICT_PROTOTYPES = YES;
				CLANG_WARN_SUSPICIOUS_MOVE = YES;
				CLANG_WARN_UNGUARDED_AVAILABILITY = YES_AGGRESSIVE;
				CLANG_WARN_UNREACHABLE_CODE = YES;
				CLANG_WARN__DUPLICATE_METHOD_MATCH = YES;
				COPY_PHASE_STRIP = NO;
				DEBUG_INFORMATION_FORMAT = "dwarf-with-dsym";
				ENABLE_NS_ASSERTIONS = NO;
				ENABLE_STRICT_OBJC_MSGSEND = YES;
				ENABLE_USER_SCRIPT_SANDBOXING = YES;
				GCC_C_LANGUAGE_STANDARD = gnu17;
				GCC_NO_COMMON_BLOCKS = YES;
				GCC_WARN_64_TO_32_BIT_CONVERSION = YES;
				GCC_WARN_ABOUT_RETURN_TYPE = YES_ERROR;
				GCC_WARN_UNDECLARED_SELECTOR = YES;
				GCC_WARN_UNINITIALIZED_AUTOS = YES_AGGRESSIVE;
				GCC_WARN_UNUSED_FUNCTION = YES;
				GCC_WARN_UNUSED_VARIABLE = YES;
				LOCALIZATION_PREFERS_STRING_CATALOGS = YES;
				MACOSX_DEPLOYMENT_TARGET = 14.5;
				MTL_ENABLE_DEBUG_INFO = NO;
				MTL_FAST_MATH = YES;
				SDKROOT = macosx;
				SWIFT_COMPILATION_MODE = wholemodule;
			};
			name = Release;
		};
		8D58DC222C052198001EBD95 /* Debug */ = {
			isa = XCBuildConfiguration;
			buildSettings = {
				ASSETCATALOG_COMPILER_APPICON_NAME = AppIcon;
				ASSETCATALOG_COMPILER_GLOBAL_ACCENT_COLOR_NAME = AccentColor;
				CODE_SIGN_ENTITLEMENTS = "Niimbot Printer/Niimbot_Printer.entitlements";
				CODE_SIGN_STYLE = Automatic;
				COMBINE_HIDPI_IMAGES = YES;
				CURRENT_PROJECT_VERSION = 1;
				DEVELOPMENT_TEAM = 3HRQ8E2SZ4;
				ENABLE_HARDENED_RUNTIME = YES;
				GENERATE_INFOPLIST_FILE = YES;
				INFOPLIST_FILE = "Niimbot-Printer-Info.plist";
				INFOPLIST_KEY_NSBluetoothAlwaysUsageDescription = "Bluetooth is required for communicating to Niimbot printer";
				INFOPLIST_KEY_NSHumanReadableCopyright = "";
				INFOPLIST_KEY_NSMainStoryboardFile = Main;
				INFOPLIST_KEY_NSPrincipalClass = NSApplication;
				LD_RUNPATH_SEARCH_PATHS = (
					"$(inherited)",
					"@executable_path/../Frameworks",
				);
				MARKETING_VERSION = 1.0;
				PRODUCT_BUNDLE_IDENTIFIER = "cz.vookimedlo.Niimbot.app.Niimbot-Printer";
				PRODUCT_NAME = "$(TARGET_NAME)";
				SWIFT_EMIT_LOC_STRINGS = YES;
				SWIFT_VERSION = 5.0;
			};
			name = Debug;
		};
		8D58DC232C052198001EBD95 /* Release */ = {
			isa = XCBuildConfiguration;
			buildSettings = {
				ASSETCATALOG_COMPILER_APPICON_NAME = AppIcon;
				ASSETCATALOG_COMPILER_GLOBAL_ACCENT_COLOR_NAME = AccentColor;
				CODE_SIGN_ENTITLEMENTS = "Niimbot Printer/Niimbot_Printer.entitlements";
				CODE_SIGN_STYLE = Automatic;
				COMBINE_HIDPI_IMAGES = YES;
				CURRENT_PROJECT_VERSION = 1;
				DEVELOPMENT_TEAM = 3HRQ8E2SZ4;
				ENABLE_HARDENED_RUNTIME = YES;
				GENERATE_INFOPLIST_FILE = YES;
				INFOPLIST_FILE = "Niimbot-Printer-Info.plist";
				INFOPLIST_KEY_NSBluetoothAlwaysUsageDescription = "Bluetooth is required for communicating to Niimbot printer";
				INFOPLIST_KEY_NSHumanReadableCopyright = "";
				INFOPLIST_KEY_NSMainStoryboardFile = Main;
				INFOPLIST_KEY_NSPrincipalClass = NSApplication;
				LD_RUNPATH_SEARCH_PATHS = (
					"$(inherited)",
					"@executable_path/../Frameworks",
				);
				MARKETING_VERSION = 1.0;
				PRODUCT_BUNDLE_IDENTIFIER = "cz.vookimedlo.Niimbot.app.Niimbot-Printer";
				PRODUCT_NAME = "$(TARGET_NAME)";
				SWIFT_EMIT_LOC_STRINGS = YES;
				SWIFT_VERSION = 5.0;
			};
			name = Release;
		};
		8D58DC312C05D460001EBD95 /* Debug */ = {
			isa = XCBuildConfiguration;
			buildSettings = {
				BUNDLE_LOADER = "$(TEST_HOST)";
				CODE_SIGN_STYLE = Automatic;
				CURRENT_PROJECT_VERSION = 1;
				DEVELOPMENT_TEAM = 3HRQ8E2SZ4;
				GENERATE_INFOPLIST_FILE = YES;
				MARKETING_VERSION = 1.0;
				PRODUCT_BUNDLE_IDENTIFIER = "cz.vookimedlo.Niimbot.app.Niimbot-PrinterTests";
				PRODUCT_NAME = "$(TARGET_NAME)";
				SWIFT_EMIT_LOC_STRINGS = NO;
				SWIFT_VERSION = 5.0;
				TEST_HOST = "$(BUILT_PRODUCTS_DIR)/Niimbot Printer.app/$(BUNDLE_EXECUTABLE_FOLDER_PATH)/Niimbot Printer";
			};
			name = Debug;
		};
		8D58DC322C05D460001EBD95 /* Release */ = {
			isa = XCBuildConfiguration;
			buildSettings = {
				BUNDLE_LOADER = "$(TEST_HOST)";
				CODE_SIGN_STYLE = Automatic;
				CURRENT_PROJECT_VERSION = 1;
				DEVELOPMENT_TEAM = 3HRQ8E2SZ4;
				GENERATE_INFOPLIST_FILE = YES;
				MARKETING_VERSION = 1.0;
				PRODUCT_BUNDLE_IDENTIFIER = "cz.vookimedlo.Niimbot.app.Niimbot-PrinterTests";
				PRODUCT_NAME = "$(TARGET_NAME)";
				SWIFT_EMIT_LOC_STRINGS = NO;
				SWIFT_VERSION = 5.0;
				TEST_HOST = "$(BUILT_PRODUCTS_DIR)/Niimbot Printer.app/$(BUNDLE_EXECUTABLE_FOLDER_PATH)/Niimbot Printer";
			};
			name = Release;
		};
/* End XCBuildConfiguration section */

/* Begin XCConfigurationList section */
		8D58DC0D2C052197001EBD95 /* Build configuration list for PBXProject "Niimbot Printer" */ = {
			isa = XCConfigurationList;
			buildConfigurations = (
				8D58DC1F2C052198001EBD95 /* Debug */,
				8D58DC202C052198001EBD95 /* Release */,
			);
			defaultConfigurationIsVisible = 0;
			defaultConfigurationName = Release;
		};
		8D58DC212C052198001EBD95 /* Build configuration list for PBXNativeTarget "Niimbot Printer" */ = {
			isa = XCConfigurationList;
			buildConfigurations = (
				8D58DC222C052198001EBD95 /* Debug */,
				8D58DC232C052198001EBD95 /* Release */,
			);
			defaultConfigurationIsVisible = 0;
			defaultConfigurationName = Release;
		};
		8D58DC302C05D460001EBD95 /* Build configuration list for PBXNativeTarget "Niimbot PrinterTests" */ = {
			isa = XCConfigurationList;
			buildConfigurations = (
				8D58DC312C05D460001EBD95 /* Debug */,
				8D58DC322C05D460001EBD95 /* Release */,
			);
			defaultConfigurationIsVisible = 0;
			defaultConfigurationName = Release;
		};
/* End XCConfigurationList section */
	};
	rootObject = 8D58DC0A2C052197001EBD95 /* Project object */;
}
